// !$*UTF8*$!
{
	archiveVersion = 1;
	classes = {
	};
	objectVersion = 52;
	objects = {

/* Begin PBXBuildFile section */
		5A2A16552498CCBA00727C16 /* TitleHeaderView.xib in Resources */ = {isa = PBXBuildFile; fileRef = 5A2A16532498CCBA00727C16 /* TitleHeaderView.xib */; };
		5A2A16562498CCBA00727C16 /* TitleHeaderView.xib in Resources */ = {isa = PBXBuildFile; fileRef = 5A2A16532498CCBA00727C16 /* TitleHeaderView.xib */; };
		5A2A16572498CCBA00727C16 /* TitleHeaderView.xib in Resources */ = {isa = PBXBuildFile; fileRef = 5A2A16532498CCBA00727C16 /* TitleHeaderView.xib */; };
		5A2A16582498CCBA00727C16 /* TitleHeaderView.swift in Sources */ = {isa = PBXBuildFile; fileRef = 5A2A16542498CCBA00727C16 /* TitleHeaderView.swift */; };
		5A2A16592498CCBA00727C16 /* TitleHeaderView.swift in Sources */ = {isa = PBXBuildFile; fileRef = 5A2A16542498CCBA00727C16 /* TitleHeaderView.swift */; };
		5A2A165A2498CCBA00727C16 /* TitleHeaderView.swift in Sources */ = {isa = PBXBuildFile; fileRef = 5A2A16542498CCBA00727C16 /* TitleHeaderView.swift */; };
		5A2A165D2498CCCB00727C16 /* RatingView.swift in Sources */ = {isa = PBXBuildFile; fileRef = 5A2A165B2498CCCB00727C16 /* RatingView.swift */; };
		5A2A165E2498CCCB00727C16 /* RatingView.swift in Sources */ = {isa = PBXBuildFile; fileRef = 5A2A165B2498CCCB00727C16 /* RatingView.swift */; };
		5A2A165F2498CCCB00727C16 /* RatingView.swift in Sources */ = {isa = PBXBuildFile; fileRef = 5A2A165B2498CCCB00727C16 /* RatingView.swift */; };
		5A2A16602498CCCB00727C16 /* RatingView.xib in Resources */ = {isa = PBXBuildFile; fileRef = 5A2A165C2498CCCB00727C16 /* RatingView.xib */; };
		5A2A16612498CCCB00727C16 /* RatingView.xib in Resources */ = {isa = PBXBuildFile; fileRef = 5A2A165C2498CCCB00727C16 /* RatingView.xib */; };
		5A2A16622498CCCB00727C16 /* RatingView.xib in Resources */ = {isa = PBXBuildFile; fileRef = 5A2A165C2498CCCB00727C16 /* RatingView.xib */; };
		5A2A16652498CCD500727C16 /* NoDataView.xib in Resources */ = {isa = PBXBuildFile; fileRef = 5A2A16632498CCD500727C16 /* NoDataView.xib */; };
		5A2A16662498CCD500727C16 /* NoDataView.xib in Resources */ = {isa = PBXBuildFile; fileRef = 5A2A16632498CCD500727C16 /* NoDataView.xib */; };
		5A2A16672498CCD500727C16 /* NoDataView.xib in Resources */ = {isa = PBXBuildFile; fileRef = 5A2A16632498CCD500727C16 /* NoDataView.xib */; };
		5A2A16682498CCD500727C16 /* NoDataView.swift in Sources */ = {isa = PBXBuildFile; fileRef = 5A2A16642498CCD500727C16 /* NoDataView.swift */; };
		5A2A16692498CCD500727C16 /* NoDataView.swift in Sources */ = {isa = PBXBuildFile; fileRef = 5A2A16642498CCD500727C16 /* NoDataView.swift */; };
		5A2A166A2498CCD500727C16 /* NoDataView.swift in Sources */ = {isa = PBXBuildFile; fileRef = 5A2A16642498CCD500727C16 /* NoDataView.swift */; };
		5A2A166D2498CCE800727C16 /* PlayingNowTableViewCell.swift in Sources */ = {isa = PBXBuildFile; fileRef = 5A2A166B2498CCE800727C16 /* PlayingNowTableViewCell.swift */; };
		5A2A166E2498CCE800727C16 /* PlayingNowTableViewCell.swift in Sources */ = {isa = PBXBuildFile; fileRef = 5A2A166B2498CCE800727C16 /* PlayingNowTableViewCell.swift */; };
		5A2A166F2498CCE800727C16 /* PlayingNowTableViewCell.swift in Sources */ = {isa = PBXBuildFile; fileRef = 5A2A166B2498CCE800727C16 /* PlayingNowTableViewCell.swift */; };
		5A2A16702498CCE800727C16 /* PopularTableViewCell.swift in Sources */ = {isa = PBXBuildFile; fileRef = 5A2A166C2498CCE800727C16 /* PopularTableViewCell.swift */; };
		5A2A16712498CCE800727C16 /* PopularTableViewCell.swift in Sources */ = {isa = PBXBuildFile; fileRef = 5A2A166C2498CCE800727C16 /* PopularTableViewCell.swift */; };
		5A2A16722498CCE800727C16 /* PopularTableViewCell.swift in Sources */ = {isa = PBXBuildFile; fileRef = 5A2A166C2498CCE800727C16 /* PopularTableViewCell.swift */; };
		5A2A16742498CCF200727C16 /* PlayingNowCollectionViewCell.swift in Sources */ = {isa = PBXBuildFile; fileRef = 5A2A16732498CCF200727C16 /* PlayingNowCollectionViewCell.swift */; };
		5A2A16752498CCF200727C16 /* PlayingNowCollectionViewCell.swift in Sources */ = {isa = PBXBuildFile; fileRef = 5A2A16732498CCF200727C16 /* PlayingNowCollectionViewCell.swift */; };
		5A2A16762498CCF200727C16 /* PlayingNowCollectionViewCell.swift in Sources */ = {isa = PBXBuildFile; fileRef = 5A2A16732498CCF200727C16 /* PlayingNowCollectionViewCell.swift */; };
		5A2A167E2498D12300727C16 /* MovieListDataSource.swift in Sources */ = {isa = PBXBuildFile; fileRef = 5A2A167C2498D12300727C16 /* MovieListDataSource.swift */; };
		5A2A167F2498D12300727C16 /* MovieListDataSource.swift in Sources */ = {isa = PBXBuildFile; fileRef = 5A2A167C2498D12300727C16 /* MovieListDataSource.swift */; };
		5A2A16802498D12300727C16 /* MovieListDataSource.swift in Sources */ = {isa = PBXBuildFile; fileRef = 5A2A167C2498D12300727C16 /* MovieListDataSource.swift */; };
		5A2A16812498D12300727C16 /* PlayingNowDataSource.swift in Sources */ = {isa = PBXBuildFile; fileRef = 5A2A167D2498D12300727C16 /* PlayingNowDataSource.swift */; };
		5A2A16822498D12300727C16 /* PlayingNowDataSource.swift in Sources */ = {isa = PBXBuildFile; fileRef = 5A2A167D2498D12300727C16 /* PlayingNowDataSource.swift */; };
		5A2A16832498D12300727C16 /* PlayingNowDataSource.swift in Sources */ = {isa = PBXBuildFile; fileRef = 5A2A167D2498D12300727C16 /* PlayingNowDataSource.swift */; };
		5A2A16862498D13800727C16 /* MovieListViewModel.swift in Sources */ = {isa = PBXBuildFile; fileRef = 5A2A16852498D13800727C16 /* MovieListViewModel.swift */; };
		5A2A16872498D13800727C16 /* MovieListViewModel.swift in Sources */ = {isa = PBXBuildFile; fileRef = 5A2A16852498D13800727C16 /* MovieListViewModel.swift */; };
		5A2A16882498D13800727C16 /* MovieListViewModel.swift in Sources */ = {isa = PBXBuildFile; fileRef = 5A2A16852498D13800727C16 /* MovieListViewModel.swift */; };
		5A2A168E2498D14F00727C16 /* MovieListTableViewDelegate.swift in Sources */ = {isa = PBXBuildFile; fileRef = 5A2A168A2498D14F00727C16 /* MovieListTableViewDelegate.swift */; };
		5A2A168F2498D14F00727C16 /* MovieListTableViewDelegate.swift in Sources */ = {isa = PBXBuildFile; fileRef = 5A2A168A2498D14F00727C16 /* MovieListTableViewDelegate.swift */; };
		5A2A16902498D14F00727C16 /* MovieListTableViewDelegate.swift in Sources */ = {isa = PBXBuildFile; fileRef = 5A2A168A2498D14F00727C16 /* MovieListTableViewDelegate.swift */; };
		5A2A16912498D14F00727C16 /* MovieListViewController.swift in Sources */ = {isa = PBXBuildFile; fileRef = 5A2A168B2498D14F00727C16 /* MovieListViewController.swift */; };
		5A2A16922498D14F00727C16 /* MovieListViewController.swift in Sources */ = {isa = PBXBuildFile; fileRef = 5A2A168B2498D14F00727C16 /* MovieListViewController.swift */; };
		5A2A16932498D14F00727C16 /* MovieListViewController.swift in Sources */ = {isa = PBXBuildFile; fileRef = 5A2A168B2498D14F00727C16 /* MovieListViewController.swift */; };
		5A2A16942498D14F00727C16 /* MoviewDetailsViewController.swift in Sources */ = {isa = PBXBuildFile; fileRef = 5A2A168C2498D14F00727C16 /* MoviewDetailsViewController.swift */; };
		5A2A16952498D14F00727C16 /* MoviewDetailsViewController.swift in Sources */ = {isa = PBXBuildFile; fileRef = 5A2A168C2498D14F00727C16 /* MoviewDetailsViewController.swift */; };
		5A2A16962498D14F00727C16 /* MoviewDetailsViewController.swift in Sources */ = {isa = PBXBuildFile; fileRef = 5A2A168C2498D14F00727C16 /* MoviewDetailsViewController.swift */; };
		5A2A16972498D14F00727C16 /* CustomNavigationController.swift in Sources */ = {isa = PBXBuildFile; fileRef = 5A2A168D2498D14F00727C16 /* CustomNavigationController.swift */; };
		5A2A16982498D14F00727C16 /* CustomNavigationController.swift in Sources */ = {isa = PBXBuildFile; fileRef = 5A2A168D2498D14F00727C16 /* CustomNavigationController.swift */; };
		5A2A16992498D14F00727C16 /* CustomNavigationController.swift in Sources */ = {isa = PBXBuildFile; fileRef = 5A2A168D2498D14F00727C16 /* CustomNavigationController.swift */; };
		5A2A169C2498D1A700727C16 /* GenresLabelsFactory.swift in Sources */ = {isa = PBXBuildFile; fileRef = 5A2A169B2498D1A700727C16 /* GenresLabelsFactory.swift */; };
		5A2A169D2498D1A700727C16 /* GenresLabelsFactory.swift in Sources */ = {isa = PBXBuildFile; fileRef = 5A2A169B2498D1A700727C16 /* GenresLabelsFactory.swift */; };
		5A2A169E2498D1A700727C16 /* GenresLabelsFactory.swift in Sources */ = {isa = PBXBuildFile; fileRef = 5A2A169B2498D1A700727C16 /* GenresLabelsFactory.swift */; };
		5A2A16A02498D37800727C16 /* MovieListDataSourceTests.swift in Sources */ = {isa = PBXBuildFile; fileRef = 5A2A169F2498D37800727C16 /* MovieListDataSourceTests.swift */; };
		5A2A16A22498D38F00727C16 /* MovieListViewModelTests.swift in Sources */ = {isa = PBXBuildFile; fileRef = 5A2A16A12498D38F00727C16 /* MovieListViewModelTests.swift */; };
		5A2A16A42498D44B00727C16 /* Movie.storyboard in Resources */ = {isa = PBXBuildFile; fileRef = 5A2A16A32498D44B00727C16 /* Movie.storyboard */; };
		5A2A16A52498D44B00727C16 /* Movie.storyboard in Resources */ = {isa = PBXBuildFile; fileRef = 5A2A16A32498D44B00727C16 /* Movie.storyboard */; };
		5A2A16A62498D44B00727C16 /* Movie.storyboard in Resources */ = {isa = PBXBuildFile; fileRef = 5A2A16A32498D44B00727C16 /* Movie.storyboard */; };
		5AC5328D2496B344005E1EFE /* Localizable.strings in Resources */ = {isa = PBXBuildFile; fileRef = 5AC532912496B344005E1EFE /* Localizable.strings */; };
		5AC5328E2496B344005E1EFE /* Localizable.strings in Resources */ = {isa = PBXBuildFile; fileRef = 5AC532912496B344005E1EFE /* Localizable.strings */; };
		5AC5328F2496B344005E1EFE /* Localizable.strings in Resources */ = {isa = PBXBuildFile; fileRef = 5AC532912496B344005E1EFE /* Localizable.strings */; };
		5AC532B32496B464005E1EFE /* NoDataMessage.swift in Sources */ = {isa = PBXBuildFile; fileRef = 5AC532AE2496B463005E1EFE /* NoDataMessage.swift */; };
		5AC532B42496B464005E1EFE /* NoDataMessage.swift in Sources */ = {isa = PBXBuildFile; fileRef = 5AC532AE2496B463005E1EFE /* NoDataMessage.swift */; };
		5AC532B52496B464005E1EFE /* NoDataMessage.swift in Sources */ = {isa = PBXBuildFile; fileRef = 5AC532AE2496B463005E1EFE /* NoDataMessage.swift */; };
		5AC532B62496B464005E1EFE /* AppFont.swift in Sources */ = {isa = PBXBuildFile; fileRef = 5AC532AF2496B463005E1EFE /* AppFont.swift */; };
		5AC532B72496B464005E1EFE /* AppFont.swift in Sources */ = {isa = PBXBuildFile; fileRef = 5AC532AF2496B463005E1EFE /* AppFont.swift */; };
		5AC532B82496B464005E1EFE /* AppFont.swift in Sources */ = {isa = PBXBuildFile; fileRef = 5AC532AF2496B463005E1EFE /* AppFont.swift */; };
		5AC532B92496B464005E1EFE /* ActionError.swift in Sources */ = {isa = PBXBuildFile; fileRef = 5AC532B02496B464005E1EFE /* ActionError.swift */; };
		5AC532BA2496B464005E1EFE /* ActionError.swift in Sources */ = {isa = PBXBuildFile; fileRef = 5AC532B02496B464005E1EFE /* ActionError.swift */; };
		5AC532BB2496B464005E1EFE /* ActionError.swift in Sources */ = {isa = PBXBuildFile; fileRef = 5AC532B02496B464005E1EFE /* ActionError.swift */; };
		5AC532BC2496B464005E1EFE /* AppColor.swift in Sources */ = {isa = PBXBuildFile; fileRef = 5AC532B12496B464005E1EFE /* AppColor.swift */; };
		5AC532BD2496B464005E1EFE /* AppColor.swift in Sources */ = {isa = PBXBuildFile; fileRef = 5AC532B12496B464005E1EFE /* AppColor.swift */; };
		5AC532BE2496B464005E1EFE /* AppColor.swift in Sources */ = {isa = PBXBuildFile; fileRef = 5AC532B12496B464005E1EFE /* AppColor.swift */; };
		5AC532BF2496B464005E1EFE /* DateFormatString.swift in Sources */ = {isa = PBXBuildFile; fileRef = 5AC532B22496B464005E1EFE /* DateFormatString.swift */; };
		5AC532C02496B464005E1EFE /* DateFormatString.swift in Sources */ = {isa = PBXBuildFile; fileRef = 5AC532B22496B464005E1EFE /* DateFormatString.swift */; };
		5AC532C12496B464005E1EFE /* DateFormatString.swift in Sources */ = {isa = PBXBuildFile; fileRef = 5AC532B22496B464005E1EFE /* DateFormatString.swift */; };
		5AC532C52496B4B4005E1EFE /* AlertHelper.swift in Sources */ = {isa = PBXBuildFile; fileRef = 5AC532C32496B4B4005E1EFE /* AlertHelper.swift */; };
		5AC532C62496B4B4005E1EFE /* AlertHelper.swift in Sources */ = {isa = PBXBuildFile; fileRef = 5AC532C32496B4B4005E1EFE /* AlertHelper.swift */; };
		5AC532C72496B4B4005E1EFE /* AlertHelper.swift in Sources */ = {isa = PBXBuildFile; fileRef = 5AC532C32496B4B4005E1EFE /* AlertHelper.swift */; };
		5AC532C82496B4B4005E1EFE /* AlertMessage.swift in Sources */ = {isa = PBXBuildFile; fileRef = 5AC532C42496B4B4005E1EFE /* AlertMessage.swift */; };
		5AC532C92496B4B4005E1EFE /* AlertMessage.swift in Sources */ = {isa = PBXBuildFile; fileRef = 5AC532C42496B4B4005E1EFE /* AlertMessage.swift */; };
		5AC532CA2496B4B4005E1EFE /* AlertMessage.swift in Sources */ = {isa = PBXBuildFile; fileRef = 5AC532C42496B4B4005E1EFE /* AlertMessage.swift */; };
		5AC532D32496B4D2005E1EFE /* DoubleExtension.swift in Sources */ = {isa = PBXBuildFile; fileRef = 5AC532CC2496B4D2005E1EFE /* DoubleExtension.swift */; };
		5AC532D42496B4D2005E1EFE /* DoubleExtension.swift in Sources */ = {isa = PBXBuildFile; fileRef = 5AC532CC2496B4D2005E1EFE /* DoubleExtension.swift */; };
		5AC532D52496B4D2005E1EFE /* DoubleExtension.swift in Sources */ = {isa = PBXBuildFile; fileRef = 5AC532CC2496B4D2005E1EFE /* DoubleExtension.swift */; };
		5AC532D62496B4D2005E1EFE /* StringExtension.swift in Sources */ = {isa = PBXBuildFile; fileRef = 5AC532CD2496B4D2005E1EFE /* StringExtension.swift */; };
		5AC532D72496B4D2005E1EFE /* StringExtension.swift in Sources */ = {isa = PBXBuildFile; fileRef = 5AC532CD2496B4D2005E1EFE /* StringExtension.swift */; };
		5AC532D82496B4D2005E1EFE /* StringExtension.swift in Sources */ = {isa = PBXBuildFile; fileRef = 5AC532CD2496B4D2005E1EFE /* StringExtension.swift */; };
		5AC532D92496B4D2005E1EFE /* UIViewExtension.swift in Sources */ = {isa = PBXBuildFile; fileRef = 5AC532CE2496B4D2005E1EFE /* UIViewExtension.swift */; };
		5AC532DA2496B4D2005E1EFE /* UIViewExtension.swift in Sources */ = {isa = PBXBuildFile; fileRef = 5AC532CE2496B4D2005E1EFE /* UIViewExtension.swift */; };
		5AC532DB2496B4D2005E1EFE /* UIViewExtension.swift in Sources */ = {isa = PBXBuildFile; fileRef = 5AC532CE2496B4D2005E1EFE /* UIViewExtension.swift */; };
		5AC532DC2496B4D2005E1EFE /* UIImgeViewExtension.swift in Sources */ = {isa = PBXBuildFile; fileRef = 5AC532CF2496B4D2005E1EFE /* UIImgeViewExtension.swift */; };
		5AC532DD2496B4D2005E1EFE /* UIImgeViewExtension.swift in Sources */ = {isa = PBXBuildFile; fileRef = 5AC532CF2496B4D2005E1EFE /* UIImgeViewExtension.swift */; };
		5AC532DE2496B4D2005E1EFE /* UIImgeViewExtension.swift in Sources */ = {isa = PBXBuildFile; fileRef = 5AC532CF2496B4D2005E1EFE /* UIImgeViewExtension.swift */; };
		5AC532DF2496B4D2005E1EFE /* UIApplicationExtension.swift in Sources */ = {isa = PBXBuildFile; fileRef = 5AC532D02496B4D2005E1EFE /* UIApplicationExtension.swift */; };
		5AC532E02496B4D2005E1EFE /* UIApplicationExtension.swift in Sources */ = {isa = PBXBuildFile; fileRef = 5AC532D02496B4D2005E1EFE /* UIApplicationExtension.swift */; };
		5AC532E12496B4D2005E1EFE /* UIApplicationExtension.swift in Sources */ = {isa = PBXBuildFile; fileRef = 5AC532D02496B4D2005E1EFE /* UIApplicationExtension.swift */; };
		5AC532E22496B4D2005E1EFE /* IntExtension.swift in Sources */ = {isa = PBXBuildFile; fileRef = 5AC532D12496B4D2005E1EFE /* IntExtension.swift */; };
		5AC532E32496B4D2005E1EFE /* IntExtension.swift in Sources */ = {isa = PBXBuildFile; fileRef = 5AC532D12496B4D2005E1EFE /* IntExtension.swift */; };
		5AC532E42496B4D2005E1EFE /* IntExtension.swift in Sources */ = {isa = PBXBuildFile; fileRef = 5AC532D12496B4D2005E1EFE /* IntExtension.swift */; };
		5AC532E52496B4D2005E1EFE /* DateExtension.swift in Sources */ = {isa = PBXBuildFile; fileRef = 5AC532D22496B4D2005E1EFE /* DateExtension.swift */; };
		5AC532E62496B4D2005E1EFE /* DateExtension.swift in Sources */ = {isa = PBXBuildFile; fileRef = 5AC532D22496B4D2005E1EFE /* DateExtension.swift */; };
		5AC532E72496B4D2005E1EFE /* DateExtension.swift in Sources */ = {isa = PBXBuildFile; fileRef = 5AC532D22496B4D2005E1EFE /* DateExtension.swift */; };
		5AC532F02496B651005E1EFE /* PlayingNow.swift in Sources */ = {isa = PBXBuildFile; fileRef = 5AC532EB2496B650005E1EFE /* PlayingNow.swift */; };
		5AC532F12496B651005E1EFE /* PlayingNow.swift in Sources */ = {isa = PBXBuildFile; fileRef = 5AC532EB2496B650005E1EFE /* PlayingNow.swift */; };
		5AC532F22496B651005E1EFE /* PlayingNow.swift in Sources */ = {isa = PBXBuildFile; fileRef = 5AC532EB2496B650005E1EFE /* PlayingNow.swift */; };
		5AC532F32496B651005E1EFE /* PopularDetailsList.swift in Sources */ = {isa = PBXBuildFile; fileRef = 5AC532EC2496B650005E1EFE /* PopularDetailsList.swift */; };
		5AC532F42496B651005E1EFE /* PopularDetailsList.swift in Sources */ = {isa = PBXBuildFile; fileRef = 5AC532EC2496B650005E1EFE /* PopularDetailsList.swift */; };
		5AC532F52496B651005E1EFE /* PopularDetailsList.swift in Sources */ = {isa = PBXBuildFile; fileRef = 5AC532EC2496B650005E1EFE /* PopularDetailsList.swift */; };
		5AC532F62496B651005E1EFE /* MovieDetails.swift in Sources */ = {isa = PBXBuildFile; fileRef = 5AC532ED2496B650005E1EFE /* MovieDetails.swift */; };
		5AC532F72496B651005E1EFE /* MovieDetails.swift in Sources */ = {isa = PBXBuildFile; fileRef = 5AC532ED2496B650005E1EFE /* MovieDetails.swift */; };
		5AC532F82496B651005E1EFE /* MovieDetails.swift in Sources */ = {isa = PBXBuildFile; fileRef = 5AC532ED2496B650005E1EFE /* MovieDetails.swift */; };
		5AC532F92496B651005E1EFE /* PopularIdList.swift in Sources */ = {isa = PBXBuildFile; fileRef = 5AC532EE2496B651005E1EFE /* PopularIdList.swift */; };
		5AC532FA2496B651005E1EFE /* PopularIdList.swift in Sources */ = {isa = PBXBuildFile; fileRef = 5AC532EE2496B651005E1EFE /* PopularIdList.swift */; };
		5AC532FB2496B651005E1EFE /* PopularIdList.swift in Sources */ = {isa = PBXBuildFile; fileRef = 5AC532EE2496B651005E1EFE /* PopularIdList.swift */; };
		5AC532FC2496B651005E1EFE /* RatingCircle.swift in Sources */ = {isa = PBXBuildFile; fileRef = 5AC532EF2496B651005E1EFE /* RatingCircle.swift */; };
		5AC532FD2496B651005E1EFE /* RatingCircle.swift in Sources */ = {isa = PBXBuildFile; fileRef = 5AC532EF2496B651005E1EFE /* RatingCircle.swift */; };
		5AC532FE2496B651005E1EFE /* RatingCircle.swift in Sources */ = {isa = PBXBuildFile; fileRef = 5AC532EF2496B651005E1EFE /* RatingCircle.swift */; };
		5AC533072496B6C6005E1EFE /* RequestFactory.swift in Sources */ = {isa = PBXBuildFile; fileRef = 5AC533022496B6C6005E1EFE /* RequestFactory.swift */; };
		5AC533082496B6C6005E1EFE /* RequestFactory.swift in Sources */ = {isa = PBXBuildFile; fileRef = 5AC533022496B6C6005E1EFE /* RequestFactory.swift */; };
		5AC533092496B6C6005E1EFE /* RequestFactory.swift in Sources */ = {isa = PBXBuildFile; fileRef = 5AC533022496B6C6005E1EFE /* RequestFactory.swift */; };
		5AC5330A2496B6C6005E1EFE /* RequestService.swift in Sources */ = {isa = PBXBuildFile; fileRef = 5AC533032496B6C6005E1EFE /* RequestService.swift */; };
		5AC5330B2496B6C6005E1EFE /* RequestService.swift in Sources */ = {isa = PBXBuildFile; fileRef = 5AC533032496B6C6005E1EFE /* RequestService.swift */; };
		5AC5330C2496B6C6005E1EFE /* RequestService.swift in Sources */ = {isa = PBXBuildFile; fileRef = 5AC533032496B6C6005E1EFE /* RequestService.swift */; };
		5AC5330D2496B6C6005E1EFE /* NetworkSession.swift in Sources */ = {isa = PBXBuildFile; fileRef = 5AC533042496B6C6005E1EFE /* NetworkSession.swift */; };
		5AC5330E2496B6C6005E1EFE /* NetworkSession.swift in Sources */ = {isa = PBXBuildFile; fileRef = 5AC533042496B6C6005E1EFE /* NetworkSession.swift */; };
		5AC5330F2496B6C6005E1EFE /* NetworkSession.swift in Sources */ = {isa = PBXBuildFile; fileRef = 5AC533042496B6C6005E1EFE /* NetworkSession.swift */; };
		5AC533102496B6C6005E1EFE /* URLFactory.swift in Sources */ = {isa = PBXBuildFile; fileRef = 5AC533052496B6C6005E1EFE /* URLFactory.swift */; };
		5AC533112496B6C6005E1EFE /* URLFactory.swift in Sources */ = {isa = PBXBuildFile; fileRef = 5AC533052496B6C6005E1EFE /* URLFactory.swift */; };
		5AC533122496B6C6005E1EFE /* URLFactory.swift in Sources */ = {isa = PBXBuildFile; fileRef = 5AC533052496B6C6005E1EFE /* URLFactory.swift */; };
		5AC533132496B6C6005E1EFE /* MovieRequestHandler.swift in Sources */ = {isa = PBXBuildFile; fileRef = 5AC533062496B6C6005E1EFE /* MovieRequestHandler.swift */; };
		5AC533142496B6C6005E1EFE /* MovieRequestHandler.swift in Sources */ = {isa = PBXBuildFile; fileRef = 5AC533062496B6C6005E1EFE /* MovieRequestHandler.swift */; };
		5AC533152496B6C6005E1EFE /* MovieRequestHandler.swift in Sources */ = {isa = PBXBuildFile; fileRef = 5AC533062496B6C6005E1EFE /* MovieRequestHandler.swift */; };
		5AC533192496B6D0005E1EFE /* FetchPopularIdListOperation.swift in Sources */ = {isa = PBXBuildFile; fileRef = 5AC533162496B6D0005E1EFE /* FetchPopularIdListOperation.swift */; };
		5AC5331A2496B6D0005E1EFE /* FetchPopularIdListOperation.swift in Sources */ = {isa = PBXBuildFile; fileRef = 5AC533162496B6D0005E1EFE /* FetchPopularIdListOperation.swift */; };
		5AC5331B2496B6D0005E1EFE /* FetchPopularIdListOperation.swift in Sources */ = {isa = PBXBuildFile; fileRef = 5AC533162496B6D0005E1EFE /* FetchPopularIdListOperation.swift */; };
		5AC5331C2496B6D0005E1EFE /* AsyncOperation.swift in Sources */ = {isa = PBXBuildFile; fileRef = 5AC533172496B6D0005E1EFE /* AsyncOperation.swift */; };
		5AC5331D2496B6D0005E1EFE /* AsyncOperation.swift in Sources */ = {isa = PBXBuildFile; fileRef = 5AC533172496B6D0005E1EFE /* AsyncOperation.swift */; };
		5AC5331E2496B6D0005E1EFE /* AsyncOperation.swift in Sources */ = {isa = PBXBuildFile; fileRef = 5AC533172496B6D0005E1EFE /* AsyncOperation.swift */; };
		5AC5331F2496B6D0005E1EFE /* FetchMovieDetailsOperation.swift in Sources */ = {isa = PBXBuildFile; fileRef = 5AC533182496B6D0005E1EFE /* FetchMovieDetailsOperation.swift */; };
		5AC533202496B6D0005E1EFE /* FetchMovieDetailsOperation.swift in Sources */ = {isa = PBXBuildFile; fileRef = 5AC533182496B6D0005E1EFE /* FetchMovieDetailsOperation.swift */; };
		5AC533212496B6D0005E1EFE /* FetchMovieDetailsOperation.swift in Sources */ = {isa = PBXBuildFile; fileRef = 5AC533182496B6D0005E1EFE /* FetchMovieDetailsOperation.swift */; };
		5AC533262496B6E6005E1EFE /* ImageLoadingService.swift in Sources */ = {isa = PBXBuildFile; fileRef = 5AC533222496B6E5005E1EFE /* ImageLoadingService.swift */; };
		5AC533272496B6E6005E1EFE /* ImageLoadingService.swift in Sources */ = {isa = PBXBuildFile; fileRef = 5AC533222496B6E5005E1EFE /* ImageLoadingService.swift */; };
		5AC533282496B6E6005E1EFE /* ImageLoadingService.swift in Sources */ = {isa = PBXBuildFile; fileRef = 5AC533222496B6E5005E1EFE /* ImageLoadingService.swift */; };
		5AC533292496B6E6005E1EFE /* MovieFetchHelper.swift in Sources */ = {isa = PBXBuildFile; fileRef = 5AC533232496B6E5005E1EFE /* MovieFetchHelper.swift */; };
		5AC5332A2496B6E6005E1EFE /* MovieFetchHelper.swift in Sources */ = {isa = PBXBuildFile; fileRef = 5AC533232496B6E5005E1EFE /* MovieFetchHelper.swift */; };
		5AC5332B2496B6E6005E1EFE /* MovieFetchHelper.swift in Sources */ = {isa = PBXBuildFile; fileRef = 5AC533232496B6E5005E1EFE /* MovieFetchHelper.swift */; };
		5AC5332C2496B6E6005E1EFE /* MovieListService.swift in Sources */ = {isa = PBXBuildFile; fileRef = 5AC533242496B6E6005E1EFE /* MovieListService.swift */; };
		5AC5332D2496B6E6005E1EFE /* MovieListService.swift in Sources */ = {isa = PBXBuildFile; fileRef = 5AC533242496B6E6005E1EFE /* MovieListService.swift */; };
		5AC5332E2496B6E6005E1EFE /* MovieListService.swift in Sources */ = {isa = PBXBuildFile; fileRef = 5AC533242496B6E6005E1EFE /* MovieListService.swift */; };
		5AC5332F2496B6E6005E1EFE /* MovieDetailsFetcher.swift in Sources */ = {isa = PBXBuildFile; fileRef = 5AC533252496B6E6005E1EFE /* MovieDetailsFetcher.swift */; };
		5AC533302496B6E6005E1EFE /* MovieDetailsFetcher.swift in Sources */ = {isa = PBXBuildFile; fileRef = 5AC533252496B6E6005E1EFE /* MovieDetailsFetcher.swift */; };
		5AC533312496B6E6005E1EFE /* MovieDetailsFetcher.swift in Sources */ = {isa = PBXBuildFile; fileRef = 5AC533252496B6E6005E1EFE /* MovieDetailsFetcher.swift */; };
		5AC533342496B7BC005E1EFE /* Reachability.swift in Sources */ = {isa = PBXBuildFile; fileRef = 5AC533332496B7BC005E1EFE /* Reachability.swift */; };
		5AC533352496B7BC005E1EFE /* Reachability.swift in Sources */ = {isa = PBXBuildFile; fileRef = 5AC533332496B7BC005E1EFE /* Reachability.swift */; };
		5AC533362496B7BC005E1EFE /* Reachability.swift in Sources */ = {isa = PBXBuildFile; fileRef = 5AC533332496B7BC005E1EFE /* Reachability.swift */; };
		5AC5333D2496B95B005E1EFE /* JSONReader.swift in Sources */ = {isa = PBXBuildFile; fileRef = 5AC533382496B95A005E1EFE /* JSONReader.swift */; };
		5AC5333E2496B95B005E1EFE /* JSONReader.swift in Sources */ = {isa = PBXBuildFile; fileRef = 5AC533382496B95A005E1EFE /* JSONReader.swift */; };
		5AC5333F2496B95B005E1EFE /* JSONReader.swift in Sources */ = {isa = PBXBuildFile; fileRef = 5AC533382496B95A005E1EFE /* JSONReader.swift */; };
		5AC533402496B95B005E1EFE /* movie.json in Resources */ = {isa = PBXBuildFile; fileRef = 5AC533392496B95A005E1EFE /* movie.json */; };
		5AC533412496B95B005E1EFE /* movie.json in Resources */ = {isa = PBXBuildFile; fileRef = 5AC533392496B95A005E1EFE /* movie.json */; };
		5AC533422496B95B005E1EFE /* movie.json in Resources */ = {isa = PBXBuildFile; fileRef = 5AC533392496B95A005E1EFE /* movie.json */; };
		5AC533432496B95B005E1EFE /* popular.json in Resources */ = {isa = PBXBuildFile; fileRef = 5AC5333A2496B95A005E1EFE /* popular.json */; };
		5AC533442496B95B005E1EFE /* popular.json in Resources */ = {isa = PBXBuildFile; fileRef = 5AC5333A2496B95A005E1EFE /* popular.json */; };
		5AC533452496B95B005E1EFE /* popular.json in Resources */ = {isa = PBXBuildFile; fileRef = 5AC5333A2496B95A005E1EFE /* popular.json */; };
		5AC533462496B95B005E1EFE /* NetworkSessionMock.swift in Sources */ = {isa = PBXBuildFile; fileRef = 5AC5333B2496B95B005E1EFE /* NetworkSessionMock.swift */; };
		5AC533472496B95B005E1EFE /* NetworkSessionMock.swift in Sources */ = {isa = PBXBuildFile; fileRef = 5AC5333B2496B95B005E1EFE /* NetworkSessionMock.swift */; };
		5AC533482496B95B005E1EFE /* NetworkSessionMock.swift in Sources */ = {isa = PBXBuildFile; fileRef = 5AC5333B2496B95B005E1EFE /* NetworkSessionMock.swift */; };
		5AC533492496B95B005E1EFE /* now_playing.json in Resources */ = {isa = PBXBuildFile; fileRef = 5AC5333C2496B95B005E1EFE /* now_playing.json */; };
		5AC5334A2496B95B005E1EFE /* now_playing.json in Resources */ = {isa = PBXBuildFile; fileRef = 5AC5333C2496B95B005E1EFE /* now_playing.json */; };
		5AC5334B2496B95B005E1EFE /* now_playing.json in Resources */ = {isa = PBXBuildFile; fileRef = 5AC5333C2496B95B005E1EFE /* now_playing.json */; };
		5AC533572496BB0B005E1EFE /* MovieRequestHandlerTests.swift in Sources */ = {isa = PBXBuildFile; fileRef = 5AC533562496BB0B005E1EFE /* MovieRequestHandlerTests.swift */; };
		5AC533592496BB89005E1EFE /* RequestServiceTests.swift in Sources */ = {isa = PBXBuildFile; fileRef = 5AC533582496BB89005E1EFE /* RequestServiceTests.swift */; };
		5AD10E022496A6470041CC12 /* AppDelegate.swift in Sources */ = {isa = PBXBuildFile; fileRef = 5AD10E012496A6470041CC12 /* AppDelegate.swift */; };
		5AD10E042496A6470041CC12 /* SceneDelegate.swift in Sources */ = {isa = PBXBuildFile; fileRef = 5AD10E032496A6470041CC12 /* SceneDelegate.swift */; };
		5AD10E062496A6470041CC12 /* ViewController.swift in Sources */ = {isa = PBXBuildFile; fileRef = 5AD10E052496A6470041CC12 /* ViewController.swift */; };
		5AD10E092496A6470041CC12 /* Main.storyboard in Resources */ = {isa = PBXBuildFile; fileRef = 5AD10E072496A6470041CC12 /* Main.storyboard */; };
		5AD10E0B2496A6490041CC12 /* Assets.xcassets in Resources */ = {isa = PBXBuildFile; fileRef = 5AD10E0A2496A6490041CC12 /* Assets.xcassets */; };
		5AD10E0E2496A6490041CC12 /* LaunchScreen.storyboard in Resources */ = {isa = PBXBuildFile; fileRef = 5AD10E0C2496A6490041CC12 /* LaunchScreen.storyboard */; };
		5AD10E242496A6490041CC12 /* PopularMoviesUITests.swift in Sources */ = {isa = PBXBuildFile; fileRef = 5AD10E232496A6490041CC12 /* PopularMoviesUITests.swift */; };
		5AD10E332496A70B0041CC12 /* CocoaLumberjackSwift in Frameworks */ = {isa = PBXBuildFile; productRef = 5AD10E322496A70B0041CC12 /* CocoaLumberjackSwift */; };
		5AD10E422496A9B10041CC12 /* LogFormatter.swift in Sources */ = {isa = PBXBuildFile; fileRef = 5AD10E412496A9B10041CC12 /* LogFormatter.swift */; };
		5AD10E432496A9B10041CC12 /* LogFormatter.swift in Sources */ = {isa = PBXBuildFile; fileRef = 5AD10E412496A9B10041CC12 /* LogFormatter.swift */; };
		5AD10E442496A9B10041CC12 /* LogFormatter.swift in Sources */ = {isa = PBXBuildFile; fileRef = 5AD10E412496A9B10041CC12 /* LogFormatter.swift */; };
		5AD10E452496A9EE0041CC12 /* ViewController.swift in Sources */ = {isa = PBXBuildFile; fileRef = 5AD10E052496A6470041CC12 /* ViewController.swift */; };
		5AD10E462496A9EF0041CC12 /* ViewController.swift in Sources */ = {isa = PBXBuildFile; fileRef = 5AD10E052496A6470041CC12 /* ViewController.swift */; };
		5AD10E472496ABB10041CC12 /* AppDelegate.swift in Sources */ = {isa = PBXBuildFile; fileRef = 5AD10E012496A6470041CC12 /* AppDelegate.swift */; };
		5AD10E482496ABB20041CC12 /* AppDelegate.swift in Sources */ = {isa = PBXBuildFile; fileRef = 5AD10E012496A6470041CC12 /* AppDelegate.swift */; };
		5AD10E492496ABB50041CC12 /* SceneDelegate.swift in Sources */ = {isa = PBXBuildFile; fileRef = 5AD10E032496A6470041CC12 /* SceneDelegate.swift */; };
		5AD10E4A2496ABB60041CC12 /* SceneDelegate.swift in Sources */ = {isa = PBXBuildFile; fileRef = 5AD10E032496A6470041CC12 /* SceneDelegate.swift */; };
		5AD10E4B2496ABBE0041CC12 /* Main.storyboard in Resources */ = {isa = PBXBuildFile; fileRef = 5AD10E072496A6470041CC12 /* Main.storyboard */; };
		5AD10E4C2496ABBF0041CC12 /* Main.storyboard in Resources */ = {isa = PBXBuildFile; fileRef = 5AD10E072496A6470041CC12 /* Main.storyboard */; };
		5AD10E4D2496ABC40041CC12 /* LaunchScreen.storyboard in Resources */ = {isa = PBXBuildFile; fileRef = 5AD10E0C2496A6490041CC12 /* LaunchScreen.storyboard */; };
		5AD10E4E2496ABC50041CC12 /* LaunchScreen.storyboard in Resources */ = {isa = PBXBuildFile; fileRef = 5AD10E0C2496A6490041CC12 /* LaunchScreen.storyboard */; };
		5AF8F36F2496AD4D00040E4D /* CocoaLumberjackSwift in Frameworks */ = {isa = PBXBuildFile; productRef = 5AF8F36E2496AD4D00040E4D /* CocoaLumberjackSwift */; };
/* End PBXBuildFile section */

/* Begin PBXContainerItemProxy section */
		5AD10E152496A6490041CC12 /* PBXContainerItemProxy */ = {
			isa = PBXContainerItemProxy;
			containerPortal = 5AD10DF62496A6470041CC12 /* Project object */;
			proxyType = 1;
			remoteGlobalIDString = 5AD10DFD2496A6470041CC12;
			remoteInfo = PopularMovies;
		};
		5AD10E202496A6490041CC12 /* PBXContainerItemProxy */ = {
			isa = PBXContainerItemProxy;
			containerPortal = 5AD10DF62496A6470041CC12 /* Project object */;
			proxyType = 1;
			remoteGlobalIDString = 5AD10DFD2496A6470041CC12;
			remoteInfo = PopularMovies;
		};
/* End PBXContainerItemProxy section */

/* Begin PBXFileReference section */
		5A2A16532498CCBA00727C16 /* TitleHeaderView.xib */ = {isa = PBXFileReference; fileEncoding = 4; lastKnownFileType = file.xib; path = TitleHeaderView.xib; sourceTree = "<group>"; };
		5A2A16542498CCBA00727C16 /* TitleHeaderView.swift */ = {isa = PBXFileReference; fileEncoding = 4; lastKnownFileType = sourcecode.swift; path = TitleHeaderView.swift; sourceTree = "<group>"; };
		5A2A165B2498CCCB00727C16 /* RatingView.swift */ = {isa = PBXFileReference; fileEncoding = 4; lastKnownFileType = sourcecode.swift; path = RatingView.swift; sourceTree = "<group>"; };
		5A2A165C2498CCCB00727C16 /* RatingView.xib */ = {isa = PBXFileReference; fileEncoding = 4; lastKnownFileType = file.xib; path = RatingView.xib; sourceTree = "<group>"; };
		5A2A16632498CCD500727C16 /* NoDataView.xib */ = {isa = PBXFileReference; fileEncoding = 4; lastKnownFileType = file.xib; path = NoDataView.xib; sourceTree = "<group>"; };
		5A2A16642498CCD500727C16 /* NoDataView.swift */ = {isa = PBXFileReference; fileEncoding = 4; lastKnownFileType = sourcecode.swift; path = NoDataView.swift; sourceTree = "<group>"; };
		5A2A166B2498CCE800727C16 /* PlayingNowTableViewCell.swift */ = {isa = PBXFileReference; fileEncoding = 4; lastKnownFileType = sourcecode.swift; path = PlayingNowTableViewCell.swift; sourceTree = "<group>"; };
		5A2A166C2498CCE800727C16 /* PopularTableViewCell.swift */ = {isa = PBXFileReference; fileEncoding = 4; lastKnownFileType = sourcecode.swift; path = PopularTableViewCell.swift; sourceTree = "<group>"; };
		5A2A16732498CCF200727C16 /* PlayingNowCollectionViewCell.swift */ = {isa = PBXFileReference; fileEncoding = 4; lastKnownFileType = sourcecode.swift; path = PlayingNowCollectionViewCell.swift; sourceTree = "<group>"; };
		5A2A167C2498D12300727C16 /* MovieListDataSource.swift */ = {isa = PBXFileReference; fileEncoding = 4; lastKnownFileType = sourcecode.swift; path = MovieListDataSource.swift; sourceTree = "<group>"; };
		5A2A167D2498D12300727C16 /* PlayingNowDataSource.swift */ = {isa = PBXFileReference; fileEncoding = 4; lastKnownFileType = sourcecode.swift; path = PlayingNowDataSource.swift; sourceTree = "<group>"; };
		5A2A16852498D13800727C16 /* MovieListViewModel.swift */ = {isa = PBXFileReference; fileEncoding = 4; lastKnownFileType = sourcecode.swift; path = MovieListViewModel.swift; sourceTree = "<group>"; };
		5A2A168A2498D14F00727C16 /* MovieListTableViewDelegate.swift */ = {isa = PBXFileReference; fileEncoding = 4; lastKnownFileType = sourcecode.swift; path = MovieListTableViewDelegate.swift; sourceTree = "<group>"; };
		5A2A168B2498D14F00727C16 /* MovieListViewController.swift */ = {isa = PBXFileReference; fileEncoding = 4; lastKnownFileType = sourcecode.swift; path = MovieListViewController.swift; sourceTree = "<group>"; };
		5A2A168C2498D14F00727C16 /* MoviewDetailsViewController.swift */ = {isa = PBXFileReference; fileEncoding = 4; lastKnownFileType = sourcecode.swift; path = MoviewDetailsViewController.swift; sourceTree = "<group>"; };
		5A2A168D2498D14F00727C16 /* CustomNavigationController.swift */ = {isa = PBXFileReference; fileEncoding = 4; lastKnownFileType = sourcecode.swift; path = CustomNavigationController.swift; sourceTree = "<group>"; };
		5A2A169B2498D1A700727C16 /* GenresLabelsFactory.swift */ = {isa = PBXFileReference; fileEncoding = 4; lastKnownFileType = sourcecode.swift; path = GenresLabelsFactory.swift; sourceTree = "<group>"; };
		5A2A169F2498D37800727C16 /* MovieListDataSourceTests.swift */ = {isa = PBXFileReference; lastKnownFileType = sourcecode.swift; path = MovieListDataSourceTests.swift; sourceTree = "<group>"; };
		5A2A16A12498D38F00727C16 /* MovieListViewModelTests.swift */ = {isa = PBXFileReference; lastKnownFileType = sourcecode.swift; path = MovieListViewModelTests.swift; sourceTree = "<group>"; };
		5A2A16A32498D44B00727C16 /* Movie.storyboard */ = {isa = PBXFileReference; fileEncoding = 4; lastKnownFileType = file.storyboard; path = Movie.storyboard; sourceTree = "<group>"; };
		5AC532902496B344005E1EFE /* en */ = {isa = PBXFileReference; lastKnownFileType = text.plist.strings; name = en; path = en.lproj/Localizable.strings; sourceTree = "<group>"; };
		5AC532AE2496B463005E1EFE /* NoDataMessage.swift */ = {isa = PBXFileReference; fileEncoding = 4; lastKnownFileType = sourcecode.swift; path = NoDataMessage.swift; sourceTree = "<group>"; };
		5AC532AF2496B463005E1EFE /* AppFont.swift */ = {isa = PBXFileReference; fileEncoding = 4; lastKnownFileType = sourcecode.swift; path = AppFont.swift; sourceTree = "<group>"; };
		5AC532B02496B464005E1EFE /* ActionError.swift */ = {isa = PBXFileReference; fileEncoding = 4; lastKnownFileType = sourcecode.swift; path = ActionError.swift; sourceTree = "<group>"; };
		5AC532B12496B464005E1EFE /* AppColor.swift */ = {isa = PBXFileReference; fileEncoding = 4; lastKnownFileType = sourcecode.swift; path = AppColor.swift; sourceTree = "<group>"; };
		5AC532B22496B464005E1EFE /* DateFormatString.swift */ = {isa = PBXFileReference; fileEncoding = 4; lastKnownFileType = sourcecode.swift; path = DateFormatString.swift; sourceTree = "<group>"; };
		5AC532C32496B4B4005E1EFE /* AlertHelper.swift */ = {isa = PBXFileReference; fileEncoding = 4; lastKnownFileType = sourcecode.swift; path = AlertHelper.swift; sourceTree = "<group>"; };
		5AC532C42496B4B4005E1EFE /* AlertMessage.swift */ = {isa = PBXFileReference; fileEncoding = 4; lastKnownFileType = sourcecode.swift; path = AlertMessage.swift; sourceTree = "<group>"; };
		5AC532CC2496B4D2005E1EFE /* DoubleExtension.swift */ = {isa = PBXFileReference; fileEncoding = 4; lastKnownFileType = sourcecode.swift; path = DoubleExtension.swift; sourceTree = "<group>"; };
		5AC532CD2496B4D2005E1EFE /* StringExtension.swift */ = {isa = PBXFileReference; fileEncoding = 4; lastKnownFileType = sourcecode.swift; path = StringExtension.swift; sourceTree = "<group>"; };
		5AC532CE2496B4D2005E1EFE /* UIViewExtension.swift */ = {isa = PBXFileReference; fileEncoding = 4; lastKnownFileType = sourcecode.swift; path = UIViewExtension.swift; sourceTree = "<group>"; };
		5AC532CF2496B4D2005E1EFE /* UIImgeViewExtension.swift */ = {isa = PBXFileReference; fileEncoding = 4; lastKnownFileType = sourcecode.swift; path = UIImgeViewExtension.swift; sourceTree = "<group>"; };
		5AC532D02496B4D2005E1EFE /* UIApplicationExtension.swift */ = {isa = PBXFileReference; fileEncoding = 4; lastKnownFileType = sourcecode.swift; path = UIApplicationExtension.swift; sourceTree = "<group>"; };
		5AC532D12496B4D2005E1EFE /* IntExtension.swift */ = {isa = PBXFileReference; fileEncoding = 4; lastKnownFileType = sourcecode.swift; path = IntExtension.swift; sourceTree = "<group>"; };
		5AC532D22496B4D2005E1EFE /* DateExtension.swift */ = {isa = PBXFileReference; fileEncoding = 4; lastKnownFileType = sourcecode.swift; path = DateExtension.swift; sourceTree = "<group>"; };
		5AC532E92496B5FB005E1EFE /* en */ = {isa = PBXFileReference; lastKnownFileType = text.plist.strings; name = en; path = en.lproj/Main.strings; sourceTree = "<group>"; };
		5AC532EB2496B650005E1EFE /* PlayingNow.swift */ = {isa = PBXFileReference; fileEncoding = 4; lastKnownFileType = sourcecode.swift; path = PlayingNow.swift; sourceTree = "<group>"; };
		5AC532EC2496B650005E1EFE /* PopularDetailsList.swift */ = {isa = PBXFileReference; fileEncoding = 4; lastKnownFileType = sourcecode.swift; path = PopularDetailsList.swift; sourceTree = "<group>"; };
		5AC532ED2496B650005E1EFE /* MovieDetails.swift */ = {isa = PBXFileReference; fileEncoding = 4; lastKnownFileType = sourcecode.swift; path = MovieDetails.swift; sourceTree = "<group>"; };
		5AC532EE2496B651005E1EFE /* PopularIdList.swift */ = {isa = PBXFileReference; fileEncoding = 4; lastKnownFileType = sourcecode.swift; path = PopularIdList.swift; sourceTree = "<group>"; };
		5AC532EF2496B651005E1EFE /* RatingCircle.swift */ = {isa = PBXFileReference; fileEncoding = 4; lastKnownFileType = sourcecode.swift; path = RatingCircle.swift; sourceTree = "<group>"; };
		5AC533022496B6C6005E1EFE /* RequestFactory.swift */ = {isa = PBXFileReference; fileEncoding = 4; lastKnownFileType = sourcecode.swift; path = RequestFactory.swift; sourceTree = "<group>"; };
		5AC533032496B6C6005E1EFE /* RequestService.swift */ = {isa = PBXFileReference; fileEncoding = 4; lastKnownFileType = sourcecode.swift; path = RequestService.swift; sourceTree = "<group>"; };
		5AC533042496B6C6005E1EFE /* NetworkSession.swift */ = {isa = PBXFileReference; fileEncoding = 4; lastKnownFileType = sourcecode.swift; path = NetworkSession.swift; sourceTree = "<group>"; };
		5AC533052496B6C6005E1EFE /* URLFactory.swift */ = {isa = PBXFileReference; fileEncoding = 4; lastKnownFileType = sourcecode.swift; path = URLFactory.swift; sourceTree = "<group>"; };
		5AC533062496B6C6005E1EFE /* MovieRequestHandler.swift */ = {isa = PBXFileReference; fileEncoding = 4; lastKnownFileType = sourcecode.swift; path = MovieRequestHandler.swift; sourceTree = "<group>"; };
		5AC533162496B6D0005E1EFE /* FetchPopularIdListOperation.swift */ = {isa = PBXFileReference; fileEncoding = 4; lastKnownFileType = sourcecode.swift; path = FetchPopularIdListOperation.swift; sourceTree = "<group>"; };
		5AC533172496B6D0005E1EFE /* AsyncOperation.swift */ = {isa = PBXFileReference; fileEncoding = 4; lastKnownFileType = sourcecode.swift; path = AsyncOperation.swift; sourceTree = "<group>"; };
		5AC533182496B6D0005E1EFE /* FetchMovieDetailsOperation.swift */ = {isa = PBXFileReference; fileEncoding = 4; lastKnownFileType = sourcecode.swift; path = FetchMovieDetailsOperation.swift; sourceTree = "<group>"; };
		5AC533222496B6E5005E1EFE /* ImageLoadingService.swift */ = {isa = PBXFileReference; fileEncoding = 4; lastKnownFileType = sourcecode.swift; path = ImageLoadingService.swift; sourceTree = "<group>"; };
		5AC533232496B6E5005E1EFE /* MovieFetchHelper.swift */ = {isa = PBXFileReference; fileEncoding = 4; lastKnownFileType = sourcecode.swift; path = MovieFetchHelper.swift; sourceTree = "<group>"; };
		5AC533242496B6E6005E1EFE /* MovieListService.swift */ = {isa = PBXFileReference; fileEncoding = 4; lastKnownFileType = sourcecode.swift; path = MovieListService.swift; sourceTree = "<group>"; };
		5AC533252496B6E6005E1EFE /* MovieDetailsFetcher.swift */ = {isa = PBXFileReference; fileEncoding = 4; lastKnownFileType = sourcecode.swift; path = MovieDetailsFetcher.swift; sourceTree = "<group>"; };
		5AC533332496B7BC005E1EFE /* Reachability.swift */ = {isa = PBXFileReference; fileEncoding = 4; lastKnownFileType = sourcecode.swift; path = Reachability.swift; sourceTree = "<group>"; };
		5AC533382496B95A005E1EFE /* JSONReader.swift */ = {isa = PBXFileReference; fileEncoding = 4; lastKnownFileType = sourcecode.swift; path = JSONReader.swift; sourceTree = "<group>"; };
		5AC533392496B95A005E1EFE /* movie.json */ = {isa = PBXFileReference; fileEncoding = 4; lastKnownFileType = text.json; path = movie.json; sourceTree = "<group>"; };
		5AC5333A2496B95A005E1EFE /* popular.json */ = {isa = PBXFileReference; fileEncoding = 4; lastKnownFileType = text.json; path = popular.json; sourceTree = "<group>"; };
		5AC5333B2496B95B005E1EFE /* NetworkSessionMock.swift */ = {isa = PBXFileReference; fileEncoding = 4; lastKnownFileType = sourcecode.swift; path = NetworkSessionMock.swift; sourceTree = "<group>"; };
		5AC5333C2496B95B005E1EFE /* now_playing.json */ = {isa = PBXFileReference; fileEncoding = 4; lastKnownFileType = text.json; path = now_playing.json; sourceTree = "<group>"; };
		5AC533562496BB0B005E1EFE /* MovieRequestHandlerTests.swift */ = {isa = PBXFileReference; lastKnownFileType = sourcecode.swift; path = MovieRequestHandlerTests.swift; sourceTree = "<group>"; };
		5AC533582496BB89005E1EFE /* RequestServiceTests.swift */ = {isa = PBXFileReference; lastKnownFileType = sourcecode.swift; path = RequestServiceTests.swift; sourceTree = "<group>"; };
		5AD10DFE2496A6470041CC12 /* PopularMovies.app */ = {isa = PBXFileReference; explicitFileType = wrapper.application; includeInIndex = 0; path = PopularMovies.app; sourceTree = BUILT_PRODUCTS_DIR; };
		5AD10E012496A6470041CC12 /* AppDelegate.swift */ = {isa = PBXFileReference; lastKnownFileType = sourcecode.swift; path = AppDelegate.swift; sourceTree = "<group>"; };
		5AD10E032496A6470041CC12 /* SceneDelegate.swift */ = {isa = PBXFileReference; lastKnownFileType = sourcecode.swift; path = SceneDelegate.swift; sourceTree = "<group>"; };
		5AD10E052496A6470041CC12 /* ViewController.swift */ = {isa = PBXFileReference; lastKnownFileType = sourcecode.swift; path = ViewController.swift; sourceTree = "<group>"; };
		5AD10E082496A6470041CC12 /* Base */ = {isa = PBXFileReference; lastKnownFileType = file.storyboard; name = Base; path = Base.lproj/Main.storyboard; sourceTree = "<group>"; };
		5AD10E0A2496A6490041CC12 /* Assets.xcassets */ = {isa = PBXFileReference; lastKnownFileType = folder.assetcatalog; path = Assets.xcassets; sourceTree = "<group>"; };
		5AD10E0D2496A6490041CC12 /* Base */ = {isa = PBXFileReference; lastKnownFileType = file.storyboard; name = Base; path = Base.lproj/LaunchScreen.storyboard; sourceTree = "<group>"; };
		5AD10E0F2496A6490041CC12 /* Info.plist */ = {isa = PBXFileReference; lastKnownFileType = text.plist.xml; path = Info.plist; sourceTree = "<group>"; };
		5AD10E142496A6490041CC12 /* PopularMoviesTests.xctest */ = {isa = PBXFileReference; explicitFileType = wrapper.cfbundle; includeInIndex = 0; path = PopularMoviesTests.xctest; sourceTree = BUILT_PRODUCTS_DIR; };
		5AD10E1A2496A6490041CC12 /* Info.plist */ = {isa = PBXFileReference; lastKnownFileType = text.plist.xml; path = Info.plist; sourceTree = "<group>"; };
		5AD10E1F2496A6490041CC12 /* PopularMoviesUITests.xctest */ = {isa = PBXFileReference; explicitFileType = wrapper.cfbundle; includeInIndex = 0; path = PopularMoviesUITests.xctest; sourceTree = BUILT_PRODUCTS_DIR; };
		5AD10E232496A6490041CC12 /* PopularMoviesUITests.swift */ = {isa = PBXFileReference; lastKnownFileType = sourcecode.swift; path = PopularMoviesUITests.swift; sourceTree = "<group>"; };
		5AD10E252496A6490041CC12 /* Info.plist */ = {isa = PBXFileReference; lastKnownFileType = text.plist.xml; path = Info.plist; sourceTree = "<group>"; };
		5AD10E412496A9B10041CC12 /* LogFormatter.swift */ = {isa = PBXFileReference; lastKnownFileType = sourcecode.swift; path = LogFormatter.swift; sourceTree = "<group>"; };
/* End PBXFileReference section */

/* Begin PBXFrameworksBuildPhase section */
		5AD10DFB2496A6470041CC12 /* Frameworks */ = {
			isa = PBXFrameworksBuildPhase;
			buildActionMask = 2147483647;
			files = (
				5AD10E332496A70B0041CC12 /* CocoaLumberjackSwift in Frameworks */,
			);
			runOnlyForDeploymentPostprocessing = 0;
		};
		5AD10E112496A6490041CC12 /* Frameworks */ = {
			isa = PBXFrameworksBuildPhase;
			buildActionMask = 2147483647;
			files = (
			);
			runOnlyForDeploymentPostprocessing = 0;
		};
		5AD10E1C2496A6490041CC12 /* Frameworks */ = {
			isa = PBXFrameworksBuildPhase;
			buildActionMask = 2147483647;
			files = (
				5AF8F36F2496AD4D00040E4D /* CocoaLumberjackSwift in Frameworks */,
			);
			runOnlyForDeploymentPostprocessing = 0;
		};
/* End PBXFrameworksBuildPhase section */

/* Begin PBXGroup section */
		5A2A164D2498CC6900727C16 /* CustomViews */ = {
			isa = PBXGroup;
			children = (
				5A2A16522498CCA800727C16 /* TitleHeaderView */,
				5A2A16512498CC9B00727C16 /* RaitingView */,
				5A2A16502498CC9200727C16 /* NoDataView */,
				5A2A164F2498CC8600727C16 /* TableViewCells */,
				5A2A164E2498CC7A00727C16 /* CollectionViewCell */,
			);
			path = CustomViews;
			sourceTree = "<group>";
		};
		5A2A164E2498CC7A00727C16 /* CollectionViewCell */ = {
			isa = PBXGroup;
			children = (
				5A2A16732498CCF200727C16 /* PlayingNowCollectionViewCell.swift */,
			);
			path = CollectionViewCell;
			sourceTree = "<group>";
		};
		5A2A164F2498CC8600727C16 /* TableViewCells */ = {
			isa = PBXGroup;
			children = (
				5A2A166B2498CCE800727C16 /* PlayingNowTableViewCell.swift */,
				5A2A166C2498CCE800727C16 /* PopularTableViewCell.swift */,
			);
			path = TableViewCells;
			sourceTree = "<group>";
		};
		5A2A16502498CC9200727C16 /* NoDataView */ = {
			isa = PBXGroup;
			children = (
				5A2A16642498CCD500727C16 /* NoDataView.swift */,
				5A2A16632498CCD500727C16 /* NoDataView.xib */,
			);
			path = NoDataView;
			sourceTree = "<group>";
		};
		5A2A16512498CC9B00727C16 /* RaitingView */ = {
			isa = PBXGroup;
			children = (
				5A2A165B2498CCCB00727C16 /* RatingView.swift */,
				5A2A165C2498CCCB00727C16 /* RatingView.xib */,
			);
			path = RaitingView;
			sourceTree = "<group>";
		};
		5A2A16522498CCA800727C16 /* TitleHeaderView */ = {
			isa = PBXGroup;
			children = (
				5A2A16542498CCBA00727C16 /* TitleHeaderView.swift */,
				5A2A16532498CCBA00727C16 /* TitleHeaderView.xib */,
			);
			path = TitleHeaderView;
			sourceTree = "<group>";
		};
		5A2A167B2498D11700727C16 /* DataSources */ = {
			isa = PBXGroup;
			children = (
				5A2A167C2498D12300727C16 /* MovieListDataSource.swift */,
				5A2A167D2498D12300727C16 /* PlayingNowDataSource.swift */,
			);
			path = DataSources;
			sourceTree = "<group>";
		};
		5A2A16842498D12B00727C16 /* ViewModels */ = {
			isa = PBXGroup;
			children = (
				5A2A16852498D13800727C16 /* MovieListViewModel.swift */,
			);
			path = ViewModels;
			sourceTree = "<group>";
		};
		5A2A16892498D14200727C16 /* View Controllers */ = {
			isa = PBXGroup;
			children = (
				5A2A168B2498D14F00727C16 /* MovieListViewController.swift */,
				5A2A168A2498D14F00727C16 /* MovieListTableViewDelegate.swift */,
				5A2A168C2498D14F00727C16 /* MoviewDetailsViewController.swift */,
				5A2A168D2498D14F00727C16 /* CustomNavigationController.swift */,
			);
			path = "View Controllers";
			sourceTree = "<group>";
		};
		5A2A169A2498D19F00727C16 /* Helpers */ = {
			isa = PBXGroup;
			children = (
				5A2A169B2498D1A700727C16 /* GenresLabelsFactory.swift */,
			);
			path = Helpers;
			sourceTree = "<group>";
		};
		5AC532C22496B49E005E1EFE /* Alerts */ = {
			isa = PBXGroup;
			children = (
				5AC532C32496B4B4005E1EFE /* AlertHelper.swift */,
				5AC532C42496B4B4005E1EFE /* AlertMessage.swift */,
			);
			path = Alerts;
			sourceTree = "<group>";
		};
		5AC532CB2496B4BA005E1EFE /* Extensions */ = {
			isa = PBXGroup;
			children = (
				5AC532D02496B4D2005E1EFE /* UIApplicationExtension.swift */,
				5AC532D22496B4D2005E1EFE /* DateExtension.swift */,
				5AC532CD2496B4D2005E1EFE /* StringExtension.swift */,
				5AC532D12496B4D2005E1EFE /* IntExtension.swift */,
				5AC532CC2496B4D2005E1EFE /* DoubleExtension.swift */,
				5AC532CF2496B4D2005E1EFE /* UIImgeViewExtension.swift */,
				5AC532CE2496B4D2005E1EFE /* UIViewExtension.swift */,
			);
			path = Extensions;
			sourceTree = "<group>";
		};
		5AC532EA2496B63D005E1EFE /* Model */ = {
			isa = PBXGroup;
			children = (
				5AC532EE2496B651005E1EFE /* PopularIdList.swift */,
				5AC532EC2496B650005E1EFE /* PopularDetailsList.swift */,
				5AC532ED2496B650005E1EFE /* MovieDetails.swift */,
				5AC532EB2496B650005E1EFE /* PlayingNow.swift */,
				5AC532EF2496B651005E1EFE /* RatingCircle.swift */,
			);
			path = Model;
			sourceTree = "<group>";
		};
		5AC532FF2496B673005E1EFE /* Services */ = {
			isa = PBXGroup;
			children = (
				5AC533002496B688005E1EFE /* Network */,
				5AC533012496B6AE005E1EFE /* FetchOperations */,
				5AC533222496B6E5005E1EFE /* ImageLoadingService.swift */,
				5AC533252496B6E6005E1EFE /* MovieDetailsFetcher.swift */,
				5AC533232496B6E5005E1EFE /* MovieFetchHelper.swift */,
				5AC533242496B6E6005E1EFE /* MovieListService.swift */,
			);
			path = Services;
			sourceTree = "<group>";
		};
		5AC533002496B688005E1EFE /* Network */ = {
			isa = PBXGroup;
			children = (
				5AC533042496B6C6005E1EFE /* NetworkSession.swift */,
				5AC533022496B6C6005E1EFE /* RequestFactory.swift */,
				5AC533032496B6C6005E1EFE /* RequestService.swift */,
				5AC533052496B6C6005E1EFE /* URLFactory.swift */,
				5AC533062496B6C6005E1EFE /* MovieRequestHandler.swift */,
			);
			path = Network;
			sourceTree = "<group>";
		};
		5AC533012496B6AE005E1EFE /* FetchOperations */ = {
			isa = PBXGroup;
			children = (
				5AC533172496B6D0005E1EFE /* AsyncOperation.swift */,
				5AC533182496B6D0005E1EFE /* FetchMovieDetailsOperation.swift */,
				5AC533162496B6D0005E1EFE /* FetchPopularIdListOperation.swift */,
			);
			path = FetchOperations;
			sourceTree = "<group>";
		};
		5AC533322496B7A3005E1EFE /* Resources */ = {
			isa = PBXGroup;
			children = (
				5AC533332496B7BC005E1EFE /* Reachability.swift */,
			);
			path = Resources;
			sourceTree = "<group>";
		};
		5AC533372496B94B005E1EFE /* TestHelpers */ = {
			isa = PBXGroup;
			children = (
				5AC533382496B95A005E1EFE /* JSONReader.swift */,
				5AC5333B2496B95B005E1EFE /* NetworkSessionMock.swift */,
				5AC533392496B95A005E1EFE /* movie.json */,
				5AC5333C2496B95B005E1EFE /* now_playing.json */,
				5AC5333A2496B95A005E1EFE /* popular.json */,
			);
			path = TestHelpers;
			sourceTree = "<group>";
		};
		5AD10DF52496A6470041CC12 = {
			isa = PBXGroup;
			children = (
				5AD10E002496A6470041CC12 /* PopularMovies */,
				5AD10E172496A6490041CC12 /* PopularMoviesTests */,
				5AD10E222496A6490041CC12 /* PopularMoviesUITests */,
				5AD10DFF2496A6470041CC12 /* Products */,
				5AD10E362496A7330041CC12 /* Frameworks */,
			);
			sourceTree = "<group>";
		};
		5AD10DFF2496A6470041CC12 /* Products */ = {
			isa = PBXGroup;
			children = (
				5AD10DFE2496A6470041CC12 /* PopularMovies.app */,
				5AD10E142496A6490041CC12 /* PopularMoviesTests.xctest */,
				5AD10E1F2496A6490041CC12 /* PopularMoviesUITests.xctest */,
			);
			name = Products;
			sourceTree = "<group>";
		};
		5AD10E002496A6470041CC12 /* PopularMovies */ = {
			isa = PBXGroup;
			children = (
				5AD10E012496A6470041CC12 /* AppDelegate.swift */,
				5AD10E032496A6470041CC12 /* SceneDelegate.swift */,
				5AD10E052496A6470041CC12 /* ViewController.swift */,
				5A2A16892498D14200727C16 /* View Controllers */,
				5A2A167B2498D11700727C16 /* DataSources */,
				5A2A16842498D12B00727C16 /* ViewModels */,
				5A2A164D2498CC6900727C16 /* CustomViews */,
				5AC532FF2496B673005E1EFE /* Services */,
				5A2A169A2498D19F00727C16 /* Helpers */,
				5AC532EA2496B63D005E1EFE /* Model */,
				5AD10E3F2496A95A0041CC12 /* Utils */,
				5AD10E402496A97D0041CC12 /* Storyboards */,
				5AC533322496B7A3005E1EFE /* Resources */,
				5AD10E0A2496A6490041CC12 /* Assets.xcassets */,
				5AD10E0F2496A6490041CC12 /* Info.plist */,
				5AC532912496B344005E1EFE /* Localizable.strings */,
			);
			path = PopularMovies;
			sourceTree = "<group>";
		};
		5AD10E172496A6490041CC12 /* PopularMoviesTests */ = {
			isa = PBXGroup;
			children = (
				5AC533562496BB0B005E1EFE /* MovieRequestHandlerTests.swift */,
				5AC533582496BB89005E1EFE /* RequestServiceTests.swift */,
				5A2A169F2498D37800727C16 /* MovieListDataSourceTests.swift */,
				5A2A16A12498D38F00727C16 /* MovieListViewModelTests.swift */,
				5AC533372496B94B005E1EFE /* TestHelpers */,
				5AD10E1A2496A6490041CC12 /* Info.plist */,
			);
			path = PopularMoviesTests;
			sourceTree = "<group>";
		};
		5AD10E222496A6490041CC12 /* PopularMoviesUITests */ = {
			isa = PBXGroup;
			children = (
				5AD10E232496A6490041CC12 /* PopularMoviesUITests.swift */,
				5AD10E252496A6490041CC12 /* Info.plist */,
			);
			path = PopularMoviesUITests;
			sourceTree = "<group>";
		};
		5AD10E362496A7330041CC12 /* Frameworks */ = {
			isa = PBXGroup;
			children = (
			);
			name = Frameworks;
			sourceTree = "<group>";
		};
		5AD10E3F2496A95A0041CC12 /* Utils */ = {
			isa = PBXGroup;
			children = (
				5AD10E412496A9B10041CC12 /* LogFormatter.swift */,
				5AC532B22496B464005E1EFE /* DateFormatString.swift */,
				5AC532B12496B464005E1EFE /* AppColor.swift */,
				5AC532AF2496B463005E1EFE /* AppFont.swift */,
				5AC532B02496B464005E1EFE /* ActionError.swift */,
				5AC532AE2496B463005E1EFE /* NoDataMessage.swift */,
				5AC532C22496B49E005E1EFE /* Alerts */,
				5AC532CB2496B4BA005E1EFE /* Extensions */,
			);
			path = Utils;
			sourceTree = "<group>";
		};
		5AD10E402496A97D0041CC12 /* Storyboards */ = {
			isa = PBXGroup;
			children = (
				5AD10E072496A6470041CC12 /* Main.storyboard */,
				5AD10E0C2496A6490041CC12 /* LaunchScreen.storyboard */,
				5A2A16A32498D44B00727C16 /* Movie.storyboard */,
			);
			path = Storyboards;
			sourceTree = "<group>";
		};
/* End PBXGroup section */

/* Begin PBXNativeTarget section */
		5AD10DFD2496A6470041CC12 /* PopularMovies */ = {
			isa = PBXNativeTarget;
			buildConfigurationList = 5AD10E282496A6490041CC12 /* Build configuration list for PBXNativeTarget "PopularMovies" */;
			buildPhases = (
				5AD10DFA2496A6470041CC12 /* Sources */,
				5AD10DFB2496A6470041CC12 /* Frameworks */,
				5AD10DFC2496A6470041CC12 /* Resources */,
			);
			buildRules = (
			);
			dependencies = (
			);
			name = PopularMovies;
			packageProductDependencies = (
				5AD10E322496A70B0041CC12 /* CocoaLumberjackSwift */,
			);
			productName = PopularMovies;
			productReference = 5AD10DFE2496A6470041CC12 /* PopularMovies.app */;
			productType = "com.apple.product-type.application";
		};
		5AD10E132496A6490041CC12 /* PopularMoviesTests */ = {
			isa = PBXNativeTarget;
			buildConfigurationList = 5AD10E2B2496A6490041CC12 /* Build configuration list for PBXNativeTarget "PopularMoviesTests" */;
			buildPhases = (
				5AD10E102496A6490041CC12 /* Sources */,
				5AD10E112496A6490041CC12 /* Frameworks */,
				5AD10E122496A6490041CC12 /* Resources */,
			);
			buildRules = (
			);
			dependencies = (
				5AD10E162496A6490041CC12 /* PBXTargetDependency */,
			);
			name = PopularMoviesTests;
			packageProductDependencies = (
			);
			productName = PopularMoviesTests;
			productReference = 5AD10E142496A6490041CC12 /* PopularMoviesTests.xctest */;
			productType = "com.apple.product-type.bundle.unit-test";
		};
		5AD10E1E2496A6490041CC12 /* PopularMoviesUITests */ = {
			isa = PBXNativeTarget;
			buildConfigurationList = 5AD10E2E2496A6490041CC12 /* Build configuration list for PBXNativeTarget "PopularMoviesUITests" */;
			buildPhases = (
				5AD10E1B2496A6490041CC12 /* Sources */,
				5AD10E1C2496A6490041CC12 /* Frameworks */,
				5AD10E1D2496A6490041CC12 /* Resources */,
			);
			buildRules = (
			);
			dependencies = (
				5AD10E212496A6490041CC12 /* PBXTargetDependency */,
			);
			name = PopularMoviesUITests;
			packageProductDependencies = (
				5AF8F36E2496AD4D00040E4D /* CocoaLumberjackSwift */,
			);
			productName = PopularMoviesUITests;
			productReference = 5AD10E1F2496A6490041CC12 /* PopularMoviesUITests.xctest */;
			productType = "com.apple.product-type.bundle.ui-testing";
		};
/* End PBXNativeTarget section */

/* Begin PBXProject section */
		5AD10DF62496A6470041CC12 /* Project object */ = {
			isa = PBXProject;
			attributes = {
				LastSwiftUpdateCheck = 1150;
				LastUpgradeCheck = 1150;
				ORGANIZATIONNAME = "Włodzimierz Woźniak";
				TargetAttributes = {
					5AD10DFD2496A6470041CC12 = {
						CreatedOnToolsVersion = 11.5;
					};
					5AD10E132496A6490041CC12 = {
						CreatedOnToolsVersion = 11.5;
						TestTargetID = 5AD10DFD2496A6470041CC12;
					};
					5AD10E1E2496A6490041CC12 = {
						CreatedOnToolsVersion = 11.5;
						TestTargetID = 5AD10DFD2496A6470041CC12;
					};
				};
			};
			buildConfigurationList = 5AD10DF92496A6470041CC12 /* Build configuration list for PBXProject "PopularMovies" */;
			compatibilityVersion = "Xcode 9.3";
			developmentRegion = en;
			hasScannedForEncodings = 0;
			knownRegions = (
				en,
				Base,
			);
			mainGroup = 5AD10DF52496A6470041CC12;
			packageReferences = (
				5AD10E312496A70B0041CC12 /* XCRemoteSwiftPackageReference "CocoaLumberjack" */,
			);
			productRefGroup = 5AD10DFF2496A6470041CC12 /* Products */;
			projectDirPath = "";
			projectRoot = "";
			targets = (
				5AD10DFD2496A6470041CC12 /* PopularMovies */,
				5AD10E132496A6490041CC12 /* PopularMoviesTests */,
				5AD10E1E2496A6490041CC12 /* PopularMoviesUITests */,
			);
		};
/* End PBXProject section */

/* Begin PBXResourcesBuildPhase section */
		5AD10DFC2496A6470041CC12 /* Resources */ = {
			isa = PBXResourcesBuildPhase;
			buildActionMask = 2147483647;
			files = (
				5AD10E0E2496A6490041CC12 /* LaunchScreen.storyboard in Resources */,
				5AC533402496B95B005E1EFE /* movie.json in Resources */,
				5A2A16552498CCBA00727C16 /* TitleHeaderView.xib in Resources */,
				5AC5328D2496B344005E1EFE /* Localizable.strings in Resources */,
				5AC533492496B95B005E1EFE /* now_playing.json in Resources */,
				5AD10E0B2496A6490041CC12 /* Assets.xcassets in Resources */,
				5AD10E092496A6470041CC12 /* Main.storyboard in Resources */,
				5A2A16A42498D44B00727C16 /* Movie.storyboard in Resources */,
				5AC533432496B95B005E1EFE /* popular.json in Resources */,
				5A2A16602498CCCB00727C16 /* RatingView.xib in Resources */,
				5A2A16652498CCD500727C16 /* NoDataView.xib in Resources */,
			);
			runOnlyForDeploymentPostprocessing = 0;
		};
		5AD10E122496A6490041CC12 /* Resources */ = {
			isa = PBXResourcesBuildPhase;
			buildActionMask = 2147483647;
			files = (
				5AC533442496B95B005E1EFE /* popular.json in Resources */,
				5AC5334A2496B95B005E1EFE /* now_playing.json in Resources */,
				5A2A16562498CCBA00727C16 /* TitleHeaderView.xib in Resources */,
				5A2A16662498CCD500727C16 /* NoDataView.xib in Resources */,
				5AD10E4B2496ABBE0041CC12 /* Main.storyboard in Resources */,
				5A2A16A52498D44B00727C16 /* Movie.storyboard in Resources */,
				5AC5328E2496B344005E1EFE /* Localizable.strings in Resources */,
				5AC533412496B95B005E1EFE /* movie.json in Resources */,
				5AD10E4D2496ABC40041CC12 /* LaunchScreen.storyboard in Resources */,
				5A2A16612498CCCB00727C16 /* RatingView.xib in Resources */,
			);
			runOnlyForDeploymentPostprocessing = 0;
		};
		5AD10E1D2496A6490041CC12 /* Resources */ = {
			isa = PBXResourcesBuildPhase;
			buildActionMask = 2147483647;
			files = (
				5AC533452496B95B005E1EFE /* popular.json in Resources */,
				5AC5334B2496B95B005E1EFE /* now_playing.json in Resources */,
				5A2A16572498CCBA00727C16 /* TitleHeaderView.xib in Resources */,
				5A2A16672498CCD500727C16 /* NoDataView.xib in Resources */,
				5AD10E4C2496ABBF0041CC12 /* Main.storyboard in Resources */,
				5A2A16A62498D44B00727C16 /* Movie.storyboard in Resources */,
				5AC5328F2496B344005E1EFE /* Localizable.strings in Resources */,
				5AC533422496B95B005E1EFE /* movie.json in Resources */,
				5AD10E4E2496ABC50041CC12 /* LaunchScreen.storyboard in Resources */,
				5A2A16622498CCCB00727C16 /* RatingView.xib in Resources */,
			);
			runOnlyForDeploymentPostprocessing = 0;
		};
/* End PBXResourcesBuildPhase section */

/* Begin PBXSourcesBuildPhase section */
		5AD10DFA2496A6470041CC12 /* Sources */ = {
			isa = PBXSourcesBuildPhase;
			buildActionMask = 2147483647;
			files = (
				5A2A16742498CCF200727C16 /* PlayingNowCollectionViewCell.swift in Sources */,
				5AC533072496B6C6005E1EFE /* RequestFactory.swift in Sources */,
				5A2A167E2498D12300727C16 /* MovieListDataSource.swift in Sources */,
				5AC532D32496B4D2005E1EFE /* DoubleExtension.swift in Sources */,
				5AC532F02496B651005E1EFE /* PlayingNow.swift in Sources */,
				5A2A165D2498CCCB00727C16 /* RatingView.swift in Sources */,
				5A2A16812498D12300727C16 /* PlayingNowDataSource.swift in Sources */,
				5AC532B32496B464005E1EFE /* NoDataMessage.swift in Sources */,
				5A2A16582498CCBA00727C16 /* TitleHeaderView.swift in Sources */,
				5AC533292496B6E6005E1EFE /* MovieFetchHelper.swift in Sources */,
				5AC532BC2496B464005E1EFE /* AppColor.swift in Sources */,
				5A2A16862498D13800727C16 /* MovieListViewModel.swift in Sources */,
				5A2A16942498D14F00727C16 /* MoviewDetailsViewController.swift in Sources */,
				5AC532F32496B651005E1EFE /* PopularDetailsList.swift in Sources */,
				5A2A16682498CCD500727C16 /* NoDataView.swift in Sources */,
				5A2A16972498D14F00727C16 /* CustomNavigationController.swift in Sources */,
				5AC533262496B6E6005E1EFE /* ImageLoadingService.swift in Sources */,
				5AD10E062496A6470041CC12 /* ViewController.swift in Sources */,
				5AC533462496B95B005E1EFE /* NetworkSessionMock.swift in Sources */,
				5AC5332F2496B6E6005E1EFE /* MovieDetailsFetcher.swift in Sources */,
				5AC533132496B6C6005E1EFE /* MovieRequestHandler.swift in Sources */,
				5AC5330D2496B6C6005E1EFE /* NetworkSession.swift in Sources */,
				5AC532D92496B4D2005E1EFE /* UIViewExtension.swift in Sources */,
				5AC532B92496B464005E1EFE /* ActionError.swift in Sources */,
				5AC533342496B7BC005E1EFE /* Reachability.swift in Sources */,
				5AC532F62496B651005E1EFE /* MovieDetails.swift in Sources */,
				5AC532DF2496B4D2005E1EFE /* UIApplicationExtension.swift in Sources */,
				5AC532F92496B651005E1EFE /* PopularIdList.swift in Sources */,
				5A2A168E2498D14F00727C16 /* MovieListTableViewDelegate.swift in Sources */,
				5AC532DC2496B4D2005E1EFE /* UIImgeViewExtension.swift in Sources */,
				5AC5330A2496B6C6005E1EFE /* RequestService.swift in Sources */,
				5AC532C82496B4B4005E1EFE /* AlertMessage.swift in Sources */,
				5AC532B62496B464005E1EFE /* AppFont.swift in Sources */,
				5AD10E022496A6470041CC12 /* AppDelegate.swift in Sources */,
				5AC5333D2496B95B005E1EFE /* JSONReader.swift in Sources */,
				5A2A16702498CCE800727C16 /* PopularTableViewCell.swift in Sources */,
				5AC532BF2496B464005E1EFE /* DateFormatString.swift in Sources */,
				5AC532FC2496B651005E1EFE /* RatingCircle.swift in Sources */,
				5AC532E22496B4D2005E1EFE /* IntExtension.swift in Sources */,
				5A2A166D2498CCE800727C16 /* PlayingNowTableViewCell.swift in Sources */,
				5AC532E52496B4D2005E1EFE /* DateExtension.swift in Sources */,
				5AC533192496B6D0005E1EFE /* FetchPopularIdListOperation.swift in Sources */,
				5AD10E042496A6470041CC12 /* SceneDelegate.swift in Sources */,
				5AC533102496B6C6005E1EFE /* URLFactory.swift in Sources */,
				5AC5332C2496B6E6005E1EFE /* MovieListService.swift in Sources */,
				5AC5331F2496B6D0005E1EFE /* FetchMovieDetailsOperation.swift in Sources */,
				5AC532C52496B4B4005E1EFE /* AlertHelper.swift in Sources */,
				5A2A169C2498D1A700727C16 /* GenresLabelsFactory.swift in Sources */,
				5AC532D62496B4D2005E1EFE /* StringExtension.swift in Sources */,
				5A2A16912498D14F00727C16 /* MovieListViewController.swift in Sources */,
				5AC5331C2496B6D0005E1EFE /* AsyncOperation.swift in Sources */,
				5AD10E422496A9B10041CC12 /* LogFormatter.swift in Sources */,
			);
			runOnlyForDeploymentPostprocessing = 0;
		};
		5AD10E102496A6490041CC12 /* Sources */ = {
			isa = PBXSourcesBuildPhase;
			buildActionMask = 2147483647;
			files = (
				5A2A16922498D14F00727C16 /* MovieListViewController.swift in Sources */,
				5A2A16692498CCD500727C16 /* NoDataView.swift in Sources */,
				5A2A16712498CCE800727C16 /* PopularTableViewCell.swift in Sources */,
				5AC5333E2496B95B005E1EFE /* JSONReader.swift in Sources */,
				5AC532DA2496B4D2005E1EFE /* UIViewExtension.swift in Sources */,
				5A2A169D2498D1A700727C16 /* GenresLabelsFactory.swift in Sources */,
				5AD10E492496ABB50041CC12 /* SceneDelegate.swift in Sources */,
				5A2A16982498D14F00727C16 /* CustomNavigationController.swift in Sources */,
				5AC532C62496B4B4005E1EFE /* AlertHelper.swift in Sources */,
				5A2A168F2498D14F00727C16 /* MovieListTableViewDelegate.swift in Sources */,
				5AC5331D2496B6D0005E1EFE /* AsyncOperation.swift in Sources */,
				5AC533272496B6E6005E1EFE /* ImageLoadingService.swift in Sources */,
				5AD10E472496ABB10041CC12 /* AppDelegate.swift in Sources */,
				5A2A16A02498D37800727C16 /* MovieListDataSourceTests.swift in Sources */,
				5AC532B72496B464005E1EFE /* AppFont.swift in Sources */,
				5AC532F72496B651005E1EFE /* MovieDetails.swift in Sources */,
				5AC532E62496B4D2005E1EFE /* DateExtension.swift in Sources */,
				5AC532E32496B4D2005E1EFE /* IntExtension.swift in Sources */,
				5AD10E452496A9EE0041CC12 /* ViewController.swift in Sources */,
				5AC532BA2496B464005E1EFE /* ActionError.swift in Sources */,
				5A2A16592498CCBA00727C16 /* TitleHeaderView.swift in Sources */,
				5AC5332D2496B6E6005E1EFE /* MovieListService.swift in Sources */,
				5AC532C02496B464005E1EFE /* DateFormatString.swift in Sources */,
				5AC533352496B7BC005E1EFE /* Reachability.swift in Sources */,
				5AC532F12496B651005E1EFE /* PlayingNow.swift in Sources */,
				5A2A166E2498CCE800727C16 /* PlayingNowTableViewCell.swift in Sources */,
				5AC5331A2496B6D0005E1EFE /* FetchPopularIdListOperation.swift in Sources */,
				5A2A16752498CCF200727C16 /* PlayingNowCollectionViewCell.swift in Sources */,
				5AC533472496B95B005E1EFE /* NetworkSessionMock.swift in Sources */,
				5A2A16872498D13800727C16 /* MovieListViewModel.swift in Sources */,
				5AC532F42496B651005E1EFE /* PopularDetailsList.swift in Sources */,
				5AC5332A2496B6E6005E1EFE /* MovieFetchHelper.swift in Sources */,
				5AC532D72496B4D2005E1EFE /* StringExtension.swift in Sources */,
				5AC532D42496B4D2005E1EFE /* DoubleExtension.swift in Sources */,
				5A2A167F2498D12300727C16 /* MovieListDataSource.swift in Sources */,
				5AC533082496B6C6005E1EFE /* RequestFactory.swift in Sources */,
				5AC532FA2496B651005E1EFE /* PopularIdList.swift in Sources */,
				5AC533302496B6E6005E1EFE /* MovieDetailsFetcher.swift in Sources */,
				5A2A165E2498CCCB00727C16 /* RatingView.swift in Sources */,
				5A2A16952498D14F00727C16 /* MoviewDetailsViewController.swift in Sources */,
				5AC533112496B6C6005E1EFE /* URLFactory.swift in Sources */,
				5AC533142496B6C6005E1EFE /* MovieRequestHandler.swift in Sources */,
				5AC532B42496B464005E1EFE /* NoDataMessage.swift in Sources */,
				5A2A16A22498D38F00727C16 /* MovieListViewModelTests.swift in Sources */,
				5AC532E02496B4D2005E1EFE /* UIApplicationExtension.swift in Sources */,
				5AC533202496B6D0005E1EFE /* FetchMovieDetailsOperation.swift in Sources */,
				5AC532DD2496B4D2005E1EFE /* UIImgeViewExtension.swift in Sources */,
				5AC5330E2496B6C6005E1EFE /* NetworkSession.swift in Sources */,
				5A2A16822498D12300727C16 /* PlayingNowDataSource.swift in Sources */,
				5AC532FD2496B651005E1EFE /* RatingCircle.swift in Sources */,
				5AC533572496BB0B005E1EFE /* MovieRequestHandlerTests.swift in Sources */,
				5AD10E432496A9B10041CC12 /* LogFormatter.swift in Sources */,
				5AC5330B2496B6C6005E1EFE /* RequestService.swift in Sources */,
				5AC532C92496B4B4005E1EFE /* AlertMessage.swift in Sources */,
				5AC532BD2496B464005E1EFE /* AppColor.swift in Sources */,
				5AC533592496BB89005E1EFE /* RequestServiceTests.swift in Sources */,
			);
			runOnlyForDeploymentPostprocessing = 0;
		};
		5AD10E1B2496A6490041CC12 /* Sources */ = {
			isa = PBXSourcesBuildPhase;
			buildActionMask = 2147483647;
			files = (
				5AC5333F2496B95B005E1EFE /* JSONReader.swift in Sources */,
				5A2A16762498CCF200727C16 /* PlayingNowCollectionViewCell.swift in Sources */,
				5AC532DB2496B4D2005E1EFE /* UIViewExtension.swift in Sources */,
				5A2A16802498D12300727C16 /* MovieListDataSource.swift in Sources */,
				5AD10E4A2496ABB60041CC12 /* SceneDelegate.swift in Sources */,
				5A2A169E2498D1A700727C16 /* GenresLabelsFactory.swift in Sources */,
				5AC532C72496B4B4005E1EFE /* AlertHelper.swift in Sources */,
				5AC5331E2496B6D0005E1EFE /* AsyncOperation.swift in Sources */,
				5AC533282496B6E6005E1EFE /* ImageLoadingService.swift in Sources */,
				5AD10E482496ABB20041CC12 /* AppDelegate.swift in Sources */,
				5AC532B82496B464005E1EFE /* AppFont.swift in Sources */,
				5AC532F82496B651005E1EFE /* MovieDetails.swift in Sources */,
				5A2A16882498D13800727C16 /* MovieListViewModel.swift in Sources */,
				5A2A16992498D14F00727C16 /* CustomNavigationController.swift in Sources */,
				5AC532E72496B4D2005E1EFE /* DateExtension.swift in Sources */,
				5AC532E42496B4D2005E1EFE /* IntExtension.swift in Sources */,
				5AD10E462496A9EF0041CC12 /* ViewController.swift in Sources */,
				5AC532BB2496B464005E1EFE /* ActionError.swift in Sources */,
				5AC5332E2496B6E6005E1EFE /* MovieListService.swift in Sources */,
				5AC532C12496B464005E1EFE /* DateFormatString.swift in Sources */,
				5AD10E242496A6490041CC12 /* PopularMoviesUITests.swift in Sources */,
				5AC533362496B7BC005E1EFE /* Reachability.swift in Sources */,
				5AC532F22496B651005E1EFE /* PlayingNow.swift in Sources */,
				5AC5331B2496B6D0005E1EFE /* FetchPopularIdListOperation.swift in Sources */,
				5AC533482496B95B005E1EFE /* NetworkSessionMock.swift in Sources */,
				5AC532F52496B651005E1EFE /* PopularDetailsList.swift in Sources */,
				5AC5332B2496B6E6005E1EFE /* MovieFetchHelper.swift in Sources */,
				5AC532D82496B4D2005E1EFE /* StringExtension.swift in Sources */,
				5AC532D52496B4D2005E1EFE /* DoubleExtension.swift in Sources */,
				5A2A16902498D14F00727C16 /* MovieListTableViewDelegate.swift in Sources */,
				5A2A16832498D12300727C16 /* PlayingNowDataSource.swift in Sources */,
				5AC533092496B6C6005E1EFE /* RequestFactory.swift in Sources */,
				5AC532FB2496B651005E1EFE /* PopularIdList.swift in Sources */,
				5A2A16932498D14F00727C16 /* MovieListViewController.swift in Sources */,
				5A2A16962498D14F00727C16 /* MoviewDetailsViewController.swift in Sources */,
				5AC533312496B6E6005E1EFE /* MovieDetailsFetcher.swift in Sources */,
				5A2A165F2498CCCB00727C16 /* RatingView.swift in Sources */,
				5AC533122496B6C6005E1EFE /* URLFactory.swift in Sources */,
				5AC533152496B6C6005E1EFE /* MovieRequestHandler.swift in Sources */,
				5AC532B52496B464005E1EFE /* NoDataMessage.swift in Sources */,
				5A2A166A2498CCD500727C16 /* NoDataView.swift in Sources */,
				5A2A165A2498CCBA00727C16 /* TitleHeaderView.swift in Sources */,
				5AC532E12496B4D2005E1EFE /* UIApplicationExtension.swift in Sources */,
				5A2A166F2498CCE800727C16 /* PlayingNowTableViewCell.swift in Sources */,
				5A2A16722498CCE800727C16 /* PopularTableViewCell.swift in Sources */,
				5AC533212496B6D0005E1EFE /* FetchMovieDetailsOperation.swift in Sources */,
				5AC532DE2496B4D2005E1EFE /* UIImgeViewExtension.swift in Sources */,
				5AC5330F2496B6C6005E1EFE /* NetworkSession.swift in Sources */,
				5AC532FE2496B651005E1EFE /* RatingCircle.swift in Sources */,
				5AD10E442496A9B10041CC12 /* LogFormatter.swift in Sources */,
				5AC5330C2496B6C6005E1EFE /* RequestService.swift in Sources */,
				5AC532CA2496B4B4005E1EFE /* AlertMessage.swift in Sources */,
				5AC532BE2496B464005E1EFE /* AppColor.swift in Sources */,
			);
			runOnlyForDeploymentPostprocessing = 0;
		};
/* End PBXSourcesBuildPhase section */

/* Begin PBXTargetDependency section */
		5AD10E162496A6490041CC12 /* PBXTargetDependency */ = {
			isa = PBXTargetDependency;
			target = 5AD10DFD2496A6470041CC12 /* PopularMovies */;
			targetProxy = 5AD10E152496A6490041CC12 /* PBXContainerItemProxy */;
		};
		5AD10E212496A6490041CC12 /* PBXTargetDependency */ = {
			isa = PBXTargetDependency;
			target = 5AD10DFD2496A6470041CC12 /* PopularMovies */;
			targetProxy = 5AD10E202496A6490041CC12 /* PBXContainerItemProxy */;
		};
/* End PBXTargetDependency section */

/* Begin PBXVariantGroup section */
		5AC532912496B344005E1EFE /* Localizable.strings */ = {
			isa = PBXVariantGroup;
			children = (
				5AC532902496B344005E1EFE /* en */,
			);
			name = Localizable.strings;
			path = PopularMovies;
			sourceTree = SOURCE_ROOT;
		};
		5AD10E072496A6470041CC12 /* Main.storyboard */ = {
			isa = PBXVariantGroup;
			children = (
				5AD10E082496A6470041CC12 /* Base */,
				5AC532E92496B5FB005E1EFE /* en */,
			);
			name = Main.storyboard;
			sourceTree = "<group>";
		};
		5AD10E0C2496A6490041CC12 /* LaunchScreen.storyboard */ = {
			isa = PBXVariantGroup;
			children = (
				5AD10E0D2496A6490041CC12 /* Base */,
			);
			name = LaunchScreen.storyboard;
			sourceTree = "<group>";
		};
/* End PBXVariantGroup section */

/* Begin XCBuildConfiguration section */
		5AD10E262496A6490041CC12 /* Debug */ = {
			isa = XCBuildConfiguration;
			buildSettings = {
				ALWAYS_SEARCH_USER_PATHS = NO;
				CLANG_ANALYZER_NONNULL = YES;
				CLANG_ANALYZER_NUMBER_OBJECT_CONVERSION = YES_AGGRESSIVE;
				CLANG_CXX_LANGUAGE_STANDARD = "gnu++14";
				CLANG_CXX_LIBRARY = "libc++";
				CLANG_ENABLE_MODULES = YES;
				CLANG_ENABLE_OBJC_ARC = YES;
				CLANG_ENABLE_OBJC_WEAK = YES;
				CLANG_WARN_BLOCK_CAPTURE_AUTORELEASING = YES;
				CLANG_WARN_BOOL_CONVERSION = YES;
				CLANG_WARN_COMMA = YES;
				CLANG_WARN_CONSTANT_CONVERSION = YES;
				CLANG_WARN_DEPRECATED_OBJC_IMPLEMENTATIONS = YES;
				CLANG_WARN_DIRECT_OBJC_ISA_USAGE = YES_ERROR;
				CLANG_WARN_DOCUMENTATION_COMMENTS = YES;
				CLANG_WARN_EMPTY_BODY = YES;
				CLANG_WARN_ENUM_CONVERSION = YES;
				CLANG_WARN_INFINITE_RECURSION = YES;
				CLANG_WARN_INT_CONVERSION = YES;
				CLANG_WARN_NON_LITERAL_NULL_CONVERSION = YES;
				CLANG_WARN_OBJC_IMPLICIT_RETAIN_SELF = YES;
				CLANG_WARN_OBJC_LITERAL_CONVERSION = YES;
				CLANG_WARN_OBJC_ROOT_CLASS = YES_ERROR;
				CLANG_WARN_RANGE_LOOP_ANALYSIS = YES;
				CLANG_WARN_STRICT_PROTOTYPES = YES;
				CLANG_WARN_SUSPICIOUS_MOVE = YES;
				CLANG_WARN_UNGUARDED_AVAILABILITY = YES_AGGRESSIVE;
				CLANG_WARN_UNREACHABLE_CODE = YES;
				CLANG_WARN__DUPLICATE_METHOD_MATCH = YES;
				COPY_PHASE_STRIP = NO;
				DEBUG_INFORMATION_FORMAT = dwarf;
				ENABLE_STRICT_OBJC_MSGSEND = YES;
				ENABLE_TESTABILITY = YES;
				GCC_C_LANGUAGE_STANDARD = gnu11;
				GCC_DYNAMIC_NO_PIC = NO;
				GCC_NO_COMMON_BLOCKS = YES;
				GCC_OPTIMIZATION_LEVEL = 0;
				GCC_PREPROCESSOR_DEFINITIONS = (
					"DEBUG=1",
					"$(inherited)",
				);
				GCC_WARN_64_TO_32_BIT_CONVERSION = YES;
				GCC_WARN_ABOUT_RETURN_TYPE = YES_ERROR;
				GCC_WARN_UNDECLARED_SELECTOR = YES;
				GCC_WARN_UNINITIALIZED_AUTOS = YES_AGGRESSIVE;
				GCC_WARN_UNUSED_FUNCTION = YES;
				GCC_WARN_UNUSED_VARIABLE = YES;
				IPHONEOS_DEPLOYMENT_TARGET = 13.0;
				MTL_ENABLE_DEBUG_INFO = INCLUDE_SOURCE;
				MTL_FAST_MATH = YES;
				ONLY_ACTIVE_ARCH = YES;
				SDKROOT = iphoneos;
				SWIFT_ACTIVE_COMPILATION_CONDITIONS = DEBUG;
				SWIFT_OPTIMIZATION_LEVEL = "-Onone";
			};
			name = Debug;
		};
		5AD10E272496A6490041CC12 /* Release */ = {
			isa = XCBuildConfiguration;
			buildSettings = {
				ALWAYS_SEARCH_USER_PATHS = NO;
				CLANG_ANALYZER_NONNULL = YES;
				CLANG_ANALYZER_NUMBER_OBJECT_CONVERSION = YES_AGGRESSIVE;
				CLANG_CXX_LANGUAGE_STANDARD = "gnu++14";
				CLANG_CXX_LIBRARY = "libc++";
				CLANG_ENABLE_MODULES = YES;
				CLANG_ENABLE_OBJC_ARC = YES;
				CLANG_ENABLE_OBJC_WEAK = YES;
				CLANG_WARN_BLOCK_CAPTURE_AUTORELEASING = YES;
				CLANG_WARN_BOOL_CONVERSION = YES;
				CLANG_WARN_COMMA = YES;
				CLANG_WARN_CONSTANT_CONVERSION = YES;
				CLANG_WARN_DEPRECATED_OBJC_IMPLEMENTATIONS = YES;
				CLANG_WARN_DIRECT_OBJC_ISA_USAGE = YES_ERROR;
				CLANG_WARN_DOCUMENTATION_COMMENTS = YES;
				CLANG_WARN_EMPTY_BODY = YES;
				CLANG_WARN_ENUM_CONVERSION = YES;
				CLANG_WARN_INFINITE_RECURSION = YES;
				CLANG_WARN_INT_CONVERSION = YES;
				CLANG_WARN_NON_LITERAL_NULL_CONVERSION = YES;
				CLANG_WARN_OBJC_IMPLICIT_RETAIN_SELF = YES;
				CLANG_WARN_OBJC_LITERAL_CONVERSION = YES;
				CLANG_WARN_OBJC_ROOT_CLASS = YES_ERROR;
				CLANG_WARN_RANGE_LOOP_ANALYSIS = YES;
				CLANG_WARN_STRICT_PROTOTYPES = YES;
				CLANG_WARN_SUSPICIOUS_MOVE = YES;
				CLANG_WARN_UNGUARDED_AVAILABILITY = YES_AGGRESSIVE;
				CLANG_WARN_UNREACHABLE_CODE = YES;
				CLANG_WARN__DUPLICATE_METHOD_MATCH = YES;
				COPY_PHASE_STRIP = NO;
				DEBUG_INFORMATION_FORMAT = "dwarf-with-dsym";
				ENABLE_NS_ASSERTIONS = NO;
				ENABLE_STRICT_OBJC_MSGSEND = YES;
				GCC_C_LANGUAGE_STANDARD = gnu11;
				GCC_NO_COMMON_BLOCKS = YES;
				GCC_WARN_64_TO_32_BIT_CONVERSION = YES;
				GCC_WARN_ABOUT_RETURN_TYPE = YES_ERROR;
				GCC_WARN_UNDECLARED_SELECTOR = YES;
				GCC_WARN_UNINITIALIZED_AUTOS = YES_AGGRESSIVE;
				GCC_WARN_UNUSED_FUNCTION = YES;
				GCC_WARN_UNUSED_VARIABLE = YES;
				IPHONEOS_DEPLOYMENT_TARGET = 13.0;
				MTL_ENABLE_DEBUG_INFO = NO;
				MTL_FAST_MATH = YES;
				SDKROOT = iphoneos;
				SWIFT_COMPILATION_MODE = wholemodule;
				SWIFT_OPTIMIZATION_LEVEL = "-O";
				VALIDATE_PRODUCT = YES;
			};
			name = Release;
		};
		5AD10E292496A6490041CC12 /* Debug */ = {
			isa = XCBuildConfiguration;
			buildSettings = {
				ASSETCATALOG_COMPILER_APPICON_NAME = AppIcon;
				CODE_SIGN_IDENTITY = "Apple Development";
				CODE_SIGN_STYLE = Automatic;
				DEVELOPMENT_TEAM = 3343F38GWV;
				INFOPLIST_FILE = PopularMovies/Info.plist;
				IPHONEOS_DEPLOYMENT_TARGET = 13.0;
				LD_RUNPATH_SEARCH_PATHS = (
					"$(inherited)",
					"@executable_path/Frameworks",
				);
				PRODUCT_BUNDLE_IDENTIFIER = com.vivatum.PopularMovies;
				PRODUCT_NAME = "$(TARGET_NAME)";
				PROVISIONING_PROFILE_SPECIFIER = "";
				SWIFT_VERSION = 5.0;
				TARGETED_DEVICE_FAMILY = "1,2";
			};
			name = Debug;
		};
		5AD10E2A2496A6490041CC12 /* Release */ = {
			isa = XCBuildConfiguration;
			buildSettings = {
				ASSETCATALOG_COMPILER_APPICON_NAME = AppIcon;
				CODE_SIGN_IDENTITY = "Apple Development";
				CODE_SIGN_STYLE = Automatic;
				DEVELOPMENT_TEAM = 3343F38GWV;
				INFOPLIST_FILE = PopularMovies/Info.plist;
				IPHONEOS_DEPLOYMENT_TARGET = 13.0;
				LD_RUNPATH_SEARCH_PATHS = (
					"$(inherited)",
					"@executable_path/Frameworks",
				);
				PRODUCT_BUNDLE_IDENTIFIER = com.vivatum.PopularMovies;
				PRODUCT_NAME = "$(TARGET_NAME)";
				PROVISIONING_PROFILE_SPECIFIER = "";
				SWIFT_VERSION = 5.0;
				TARGETED_DEVICE_FAMILY = "1,2";
			};
			name = Release;
		};
		5AD10E2C2496A6490041CC12 /* Debug */ = {
			isa = XCBuildConfiguration;
			buildSettings = {
				ALWAYS_EMBED_SWIFT_STANDARD_LIBRARIES = YES;
				BUNDLE_LOADER = "$(TEST_HOST)";
				CODE_SIGN_STYLE = Automatic;
				DEVELOPMENT_TEAM = 3343F38GWV;
				INFOPLIST_FILE = PopularMoviesTests/Info.plist;
				IPHONEOS_DEPLOYMENT_TARGET = 13.5;
				LD_RUNPATH_SEARCH_PATHS = (
					"$(inherited)",
					"@executable_path/Frameworks",
					"@loader_path/Frameworks",
				);
				PRODUCT_BUNDLE_IDENTIFIER = com.vivatum.PopularMoviesTests;
				PRODUCT_NAME = "$(TARGET_NAME)";
				SWIFT_VERSION = 5.0;
				TARGETED_DEVICE_FAMILY = "1,2";
				TEST_HOST = "$(BUILT_PRODUCTS_DIR)/PopularMovies.app/PopularMovies";
			};
			name = Debug;
		};
		5AD10E2D2496A6490041CC12 /* Release */ = {
			isa = XCBuildConfiguration;
			buildSettings = {
				ALWAYS_EMBED_SWIFT_STANDARD_LIBRARIES = YES;
				BUNDLE_LOADER = "$(TEST_HOST)";
				CODE_SIGN_STYLE = Automatic;
				DEVELOPMENT_TEAM = 3343F38GWV;
				INFOPLIST_FILE = PopularMoviesTests/Info.plist;
				IPHONEOS_DEPLOYMENT_TARGET = 13.5;
				LD_RUNPATH_SEARCH_PATHS = (
					"$(inherited)",
					"@executable_path/Frameworks",
					"@loader_path/Frameworks",
				);
				PRODUCT_BUNDLE_IDENTIFIER = com.vivatum.PopularMoviesTests;
				PRODUCT_NAME = "$(TARGET_NAME)";
				SWIFT_VERSION = 5.0;
				TARGETED_DEVICE_FAMILY = "1,2";
				TEST_HOST = "$(BUILT_PRODUCTS_DIR)/PopularMovies.app/PopularMovies";
			};
			name = Release;
		};
		5AD10E2F2496A6490041CC12 /* Debug */ = {
			isa = XCBuildConfiguration;
			buildSettings = {
				ALWAYS_EMBED_SWIFT_STANDARD_LIBRARIES = YES;
				CODE_SIGN_STYLE = Automatic;
				DEVELOPMENT_TEAM = 3343F38GWV;
				INFOPLIST_FILE = PopularMoviesUITests/Info.plist;
				LD_RUNPATH_SEARCH_PATHS = (
					"$(inherited)",
					"@executable_path/Frameworks",
					"@loader_path/Frameworks",
				);
				PRODUCT_BUNDLE_IDENTIFIER = com.vivatum.PopularMoviesUITests;
				PRODUCT_NAME = "$(TARGET_NAME)";
				SWIFT_VERSION = 5.0;
				TARGETED_DEVICE_FAMILY = "1,2";
				TEST_TARGET_NAME = PopularMovies;
			};
			name = Debug;
		};
		5AD10E302496A6490041CC12 /* Release */ = {
			isa = XCBuildConfiguration;
			buildSettings = {
				ALWAYS_EMBED_SWIFT_STANDARD_LIBRARIES = YES;
				CODE_SIGN_STYLE = Automatic;
				DEVELOPMENT_TEAM = 3343F38GWV;
				INFOPLIST_FILE = PopularMoviesUITests/Info.plist;
				LD_RUNPATH_SEARCH_PATHS = (
					"$(inherited)",
					"@executable_path/Frameworks",
					"@loader_path/Frameworks",
				);
				PRODUCT_BUNDLE_IDENTIFIER = com.vivatum.PopularMoviesUITests;
				PRODUCT_NAME = "$(TARGET_NAME)";
				SWIFT_VERSION = 5.0;
				TARGETED_DEVICE_FAMILY = "1,2";
				TEST_TARGET_NAME = PopularMovies;
			};
			name = Release;
		};
/* End XCBuildConfiguration section */

/* Begin XCConfigurationList section */
		5AD10DF92496A6470041CC12 /* Build configuration list for PBXProject "PopularMovies" */ = {
			isa = XCConfigurationList;
			buildConfigurations = (
				5AD10E262496A6490041CC12 /* Debug */,
				5AD10E272496A6490041CC12 /* Release */,
			);
			defaultConfigurationIsVisible = 0;
			defaultConfigurationName = Release;
		};
		5AD10E282496A6490041CC12 /* Build configuration list for PBXNativeTarget "PopularMovies" */ = {
			isa = XCConfigurationList;
			buildConfigurations = (
				5AD10E292496A6490041CC12 /* Debug */,
				5AD10E2A2496A6490041CC12 /* Release */,
			);
			defaultConfigurationIsVisible = 0;
			defaultConfigurationName = Release;
		};
		5AD10E2B2496A6490041CC12 /* Build configuration list for PBXNativeTarget "PopularMoviesTests" */ = {
			isa = XCConfigurationList;
			buildConfigurations = (
				5AD10E2C2496A6490041CC12 /* Debug */,
				5AD10E2D2496A6490041CC12 /* Release */,
			);
			defaultConfigurationIsVisible = 0;
			defaultConfigurationName = Release;
		};
		5AD10E2E2496A6490041CC12 /* Build configuration list for PBXNativeTarget "PopularMoviesUITests" */ = {
			isa = XCConfigurationList;
			buildConfigurations = (
				5AD10E2F2496A6490041CC12 /* Debug */,
				5AD10E302496A6490041CC12 /* Release */,
			);
			defaultConfigurationIsVisible = 0;
			defaultConfigurationName = Release;
		};
/* End XCConfigurationList section */

/* Begin XCRemoteSwiftPackageReference section */
		5AD10E312496A70B0041CC12 /* XCRemoteSwiftPackageReference "CocoaLumberjack" */ = {
			isa = XCRemoteSwiftPackageReference;
			repositoryURL = "https://github.com/CocoaLumberjack/CocoaLumberjack.git";
			requirement = {
				kind = upToNextMajorVersion;
				minimumVersion = 3.6.1;
			};
		};
/* End XCRemoteSwiftPackageReference section */

/* Begin XCSwiftPackageProductDependency section */
		5AD10E322496A70B0041CC12 /* CocoaLumberjackSwift */ = {
			isa = XCSwiftPackageProductDependency;
			package = 5AD10E312496A70B0041CC12 /* XCRemoteSwiftPackageReference "CocoaLumberjack" */;
			productName = CocoaLumberjackSwift;
		};
		5AF8F36E2496AD4D00040E4D /* CocoaLumberjackSwift */ = {
			isa = XCSwiftPackageProductDependency;
			package = 5AD10E312496A70B0041CC12 /* XCRemoteSwiftPackageReference "CocoaLumberjack" */;
			productName = CocoaLumberjackSwift;
		};
/* End XCSwiftPackageProductDependency section */
	};
	rootObject = 5AD10DF62496A6470041CC12 /* Project object */;
}
